{
  "version": 4,
  "terraform_version": "1.12.2",
  "serial": 56,
  "lineage": "8fbd2f65-5cf4-78dc-2c39-06774f924664",
  "outputs": {},
  "resources": [
    {
      "mode": "managed",
      "type": "azurerm_linux_virtual_machine",
      "name": "bastion",
      "provider": "provider[\"registry.terraform.io/hashicorp/azurerm\"]",
      "instances": [
        {
          "schema_version": 0,
          "attributes": {
            "additional_capabilities": [],
            "admin_password": null,
            "admin_ssh_key": [
              {
                "public_key": "ssh-rsa AAAAB3NzaC1yc2EAAAADAQABAAACAQCzV/a89HTJDrt8W7Z4AdeBJNliQYkvMY1po+Nrjc0pjUNyUv2+ljGxsn49XgP4K/uwmzdDmsyFoow921zZycAX/qI5EhwX8t8HU3HaCzt7gspbRNYZFf8TCqQw5THLDxkqE5Vxc3AkgWi1bm1/2bne7FOFvKtNfNsYIvbpqrHDlcCddr2fM95XpPg7ciKb+zq6dIBUcpZyeZfVYM4VFFv1Gsx+EkuWC2T4DTopRO0IqV6aOjd2/6X3X59w6A2uFHk67SuAetSTGucBIWxNuvIGVURNQfPuN5f3EgOVv+ECjAoJK3h0toyNVXTIvELtG0ofv5nnuQpHdEh0IurMh09mefzj2VnVWz/1IDvQXn/LuV/yKfkvTu/iepqXo8yOVUVpNoD7nOgj8pcYm5yek/a1snX61dQjp8dzdEOSQP+6HajOxzL7bclYpNdFpTclw6umuSsVMLj1nU7ey+Kz3PctCVSK0pip6tmh6x+sVii8oYYsDsmGnwOYkIXmD1DSrSmOkDizJa4Dx8FTmC8UIsKM2gThMH3XWQ18q1qHHrWMLIjEn3UCo2xRy7ohp1o1cE+WgjFmN+syMjtifjCkU3vtjtApje2dQTkLChfvX/Q3OaXM0jTFdx4to5fisBxyOhvd+4fyIsz5rwPnDUxJrvOgpE0IGFj6yazGtwjgoL+GdQ== sanjit1998@gmail.com",
                "username": "adminuser"
              }
            ],
            "admin_username": "adminuser",
            "allow_extension_operations": true,
            "availability_set_id": "",
            "boot_diagnostics": [],
            "bypass_platform_safety_checks_on_user_schedule_enabled": false,
            "capacity_reservation_group_id": "",
            "computer_name": "bastion-vm",
            "custom_data": null,
            "dedicated_host_group_id": "",
            "dedicated_host_id": "",
            "disable_password_authentication": true,
            "disk_controller_type": "SCSI",
            "edge_zone": "",
            "encryption_at_host_enabled": false,
            "eviction_policy": "",
            "extensions_time_budget": "PT1H30M",
            "gallery_application": [],
            "id": "/subscriptions/f0ad147f-14df-4773-a0a4-e83aba078cb1/resourceGroups/secure-server-rg/providers/Microsoft.Compute/virtualMachines/bastion-vm",
            "identity": [],
            "license_type": "",
            "location": "centralus",
            "max_bid_price": -1,
            "name": "bastion-vm",
            "network_interface_ids": [
              "/subscriptions/f0ad147f-14df-4773-a0a4-e83aba078cb1/resourceGroups/secure-server-rg/providers/Microsoft.Network/networkInterfaces/bastion-nic"
            ],
            "os_disk": [
              {
                "caching": "ReadWrite",
                "diff_disk_settings": [],
                "disk_encryption_set_id": "",
                "disk_size_gb": 30,
                "id": "/subscriptions/f0ad147f-14df-4773-a0a4-e83aba078cb1/resourceGroups/secure-server-rg/providers/Microsoft.Compute/disks/bastion-vm_OsDisk_1_bbfb4cdc592a4e968b7f41ad16404cc5",
                "name": "bastion-vm_OsDisk_1_bbfb4cdc592a4e968b7f41ad16404cc5",
                "secure_vm_disk_encryption_set_id": "",
                "security_encryption_type": "",
                "storage_account_type": "Standard_LRS",
                "write_accelerator_enabled": false
              }
            ],
            "os_image_notification": [],
            "patch_assessment_mode": "ImageDefault",
            "patch_mode": "ImageDefault",
            "plan": [],
            "platform_fault_domain": -1,
            "priority": "Regular",
            "private_ip_address": "10.0.1.4",
            "private_ip_addresses": [
              "10.0.1.4"
            ],
            "provision_vm_agent": true,
            "proximity_placement_group_id": "",
            "public_ip_address": "172.202.46.67",
            "public_ip_addresses": [
              "172.202.46.67"
            ],
            "reboot_setting": "",
            "resource_group_name": "secure-server-rg",
            "secret": [],
            "secure_boot_enabled": false,
            "size": "Standard_B1s",
            "source_image_id": "",
            "source_image_reference": [
              {
                "offer": "0001-com-ubuntu-server-jammy",
                "publisher": "Canonical",
                "sku": "22_04-lts-gen2",
                "version": "latest"
              }
            ],
            "tags": {},
            "termination_notification": [],
            "timeouts": null,
            "user_data": "",
            "virtual_machine_id": "dbbbee9b-a867-422f-9ed1-aade32ba36ed",
            "virtual_machine_scale_set_id": "",
            "vm_agent_platform_updates_enabled": false,
            "vtpm_enabled": false,
            "zone": ""
          },
          "sensitive_attributes": [
            [
              {
                "type": "get_attr",
                "value": "admin_password"
              }
            ],
            [
              {
                "type": "get_attr",
                "value": "admin_ssh_key"
              }
            ],
            [
              {
                "type": "get_attr",
                "value": "custom_data"
              }
            ]
          ],
          "identity_schema_version": 0,
          "private": "eyJlMmJmYjczMC1lY2FhLTExZTYtOGY4OC0zNDM2M2JjN2M0YzAiOnsiY3JlYXRlIjoyNzAwMDAwMDAwMDAwLCJkZWxldGUiOjI3MDAwMDAwMDAwMDAsInJlYWQiOjMwMDAwMDAwMDAwMCwidXBkYXRlIjoyNzAwMDAwMDAwMDAwfX0=",
          "dependencies": [
            "azurerm_network_interface.bastion_nic",
            "azurerm_public_ip.bastion",
            "azurerm_resource_group.main",
            "azurerm_subnet.public",
            "azurerm_virtual_network.main"
          ]
        }
      ]
    },
    {
      "mode": "managed",
      "type": "azurerm_mysql_flexible_database",
      "name": "main",
      "provider": "provider[\"registry.terraform.io/hashicorp/azurerm\"]",
      "instances": [
        {
          "schema_version": 0,
          "attributes": {
            "charset": "utf8",
            "collation": "utf8_unicode_ci",
            "id": "/subscriptions/f0ad147f-14df-4773-a0a4-e83aba078cb1/resourceGroups/secure-server-rg/providers/Microsoft.DBforMySQL/flexibleServers/secure-db-server/databases/appdb",
            "name": "appdb",
            "resource_group_name": "secure-server-rg",
            "server_name": "secure-db-server",
            "timeouts": null
          },
          "sensitive_attributes": [],
          "identity_schema_version": 0,
          "private": "eyJlMmJmYjczMC1lY2FhLTExZTYtOGY4OC0zNDM2M2JjN2M0YzAiOnsiY3JlYXRlIjozNjAwMDAwMDAwMDAwLCJkZWxldGUiOjM2MDAwMDAwMDAwMDAsInJlYWQiOjMwMDAwMDAwMDAwMH19",
          "dependencies": [
            "azurerm_mysql_flexible_server.main",
            "azurerm_resource_group.main"
          ]
        }
      ]
    },
    {
      "mode": "managed",
      "type": "azurerm_mysql_flexible_server",
      "name": "main",
      "provider": "provider[\"registry.terraform.io/hashicorp/azurerm\"]",
      "instances": [
        {
          "schema_version": 0,
          "attributes": {
            "administrator_login": "dbadmin",
            "administrator_password": "MySecurePass123!",
            "administrator_password_wo": null,
            "administrator_password_wo_version": 0,
            "backup_retention_days": 7,
            "create_mode": null,
            "customer_managed_key": [],
            "delegated_subnet_id": "",
            "fqdn": "secure-db-server.mysql.database.azure.com",
            "geo_redundant_backup_enabled": false,
            "high_availability": [],
            "id": "/subscriptions/f0ad147f-14df-4773-a0a4-e83aba078cb1/resourceGroups/secure-server-rg/providers/Microsoft.DBforMySQL/flexibleServers/secure-db-server",
            "identity": [],
            "location": "centralus",
            "maintenance_window": [],
            "name": "secure-db-server",
            "point_in_time_restore_time_in_utc": null,
            "private_dns_zone_id": "",
            "public_network_access": "Enabled",
            "public_network_access_enabled": true,
            "replica_capacity": 10,
            "replication_role": "None",
            "resource_group_name": "secure-server-rg",
            "sku_name": "B_Standard_B1ms",
            "source_server_id": "",
            "storage": [
              {
                "auto_grow_enabled": true,
                "io_scaling_enabled": false,
                "iops": 360,
                "log_on_disk_enabled": false,
                "size_gb": 20
              }
            ],
            "tags": {},
            "timeouts": null,
            "version": "5.7",
            "zone": "1"
          },
          "sensitive_attributes": [
            [
              {
                "type": "get_attr",
                "value": "administrator_password"
              }
            ]
          ],
          "identity_schema_version": 0,
          "private": "eyJlMmJmYjczMC1lY2FhLTExZTYtOGY4OC0zNDM2M2JjN2M0YzAiOnsiY3JlYXRlIjo3MjAwMDAwMDAwMDAwLCJkZWxldGUiOjM2MDAwMDAwMDAwMDAsInJlYWQiOjMwMDAwMDAwMDAwMCwidXBkYXRlIjo3MjAwMDAwMDAwMDAwfX0=",
          "dependencies": [
            "azurerm_resource_group.main"
          ]
        }
      ]
    },
    {
      "mode": "managed",
      "type": "azurerm_network_interface",
      "name": "bastion_nic",
      "provider": "provider[\"registry.terraform.io/hashicorp/azurerm\"]",
      "instances": [
        {
          "schema_version": 0,
          "attributes": {
            "accelerated_networking_enabled": false,
            "applied_dns_servers": [],
            "auxiliary_mode": "",
            "auxiliary_sku": "",
            "dns_servers": [],
            "edge_zone": "",
            "id": "/subscriptions/f0ad147f-14df-4773-a0a4-e83aba078cb1/resourceGroups/secure-server-rg/providers/Microsoft.Network/networkInterfaces/bastion-nic",
            "internal_dns_name_label": "",
            "internal_domain_name_suffix": "syusvursvt1uzg5cylvmsrxqpg.gx.internal.cloudapp.net",
            "ip_configuration": [
              {
                "gateway_load_balancer_frontend_ip_configuration_id": "",
                "name": "internal",
                "primary": true,
                "private_ip_address": "10.0.1.4",
                "private_ip_address_allocation": "Dynamic",
                "private_ip_address_version": "IPv4",
                "public_ip_address_id": "/subscriptions/f0ad147f-14df-4773-a0a4-e83aba078cb1/resourceGroups/secure-server-rg/providers/Microsoft.Network/publicIPAddresses/bastion-public-ip",
                "subnet_id": "/subscriptions/f0ad147f-14df-4773-a0a4-e83aba078cb1/resourceGroups/secure-server-rg/providers/Microsoft.Network/virtualNetworks/secure-vnet/subnets/public-subnet"
              }
            ],
            "ip_forwarding_enabled": false,
            "location": "centralus",
            "mac_address": "00-22-48-46-17-02",
            "name": "bastion-nic",
            "private_ip_address": "10.0.1.4",
            "private_ip_addresses": [
              "10.0.1.4"
            ],
            "resource_group_name": "secure-server-rg",
            "tags": {},
            "timeouts": null,
            "virtual_machine_id": "/subscriptions/f0ad147f-14df-4773-a0a4-e83aba078cb1/resourceGroups/secure-server-rg/providers/Microsoft.Compute/virtualMachines/bastion-vm"
          },
          "sensitive_attributes": [],
          "identity_schema_version": 0,
          "private": "eyJlMmJmYjczMC1lY2FhLTExZTYtOGY4OC0zNDM2M2JjN2M0YzAiOnsiY3JlYXRlIjoxODAwMDAwMDAwMDAwLCJkZWxldGUiOjE4MDAwMDAwMDAwMDAsInJlYWQiOjMwMDAwMDAwMDAwMCwidXBkYXRlIjoxODAwMDAwMDAwMDAwfX0=",
          "dependencies": [
            "azurerm_public_ip.bastion",
            "azurerm_resource_group.main",
            "azurerm_subnet.public",
            "azurerm_virtual_network.main"
          ]
        }
      ]
    },
    {
      "mode": "managed",
      "type": "azurerm_network_security_group",
      "name": "app_nsg",
      "provider": "provider[\"registry.terraform.io/hashicorp/azurerm\"]",
      "instances": [
        {
          "schema_version": 0,
          "attributes": {
            "id": "/subscriptions/f0ad147f-14df-4773-a0a4-e83aba078cb1/resourceGroups/secure-server-rg/providers/Microsoft.Network/networkSecurityGroups/app-nsg",
            "location": "centralus",
            "name": "app-nsg",
            "resource_group_name": "secure-server-rg",
            "security_rule": [
              {
                "access": "Allow",
                "description": "",
                "destination_address_prefix": "*",
                "destination_address_prefixes": [],
                "destination_application_security_group_ids": [],
                "destination_port_range": "",
                "destination_port_ranges": [
                  "22"
                ],
                "direction": "Inbound",
                "name": "SSH",
                "priority": 1001,
                "protocol": "Tcp",
                "source_address_prefix": "",
                "source_address_prefixes": [
                  "10.0.1.0/24"
                ],
                "source_application_security_group_ids": [],
                "source_port_range": "*",
                "source_port_ranges": []
              }
            ],
            "tags": {},
            "timeouts": null
          },
          "sensitive_attributes": [],
          "identity_schema_version": 0,
          "private": "eyJlMmJmYjczMC1lY2FhLTExZTYtOGY4OC0zNDM2M2JjN2M0YzAiOnsiY3JlYXRlIjoxODAwMDAwMDAwMDAwLCJkZWxldGUiOjE4MDAwMDAwMDAwMDAsInJlYWQiOjMwMDAwMDAwMDAwMCwidXBkYXRlIjoxODAwMDAwMDAwMDAwfX0=",
          "dependencies": [
            "azurerm_resource_group.main"
          ]
        }
      ]
    },
    {
      "mode": "managed",
      "type": "azurerm_network_security_group",
      "name": "bastion_nsg",
      "provider": "provider[\"registry.terraform.io/hashicorp/azurerm\"]",
      "instances": [
        {
          "schema_version": 0,
          "attributes": {
            "id": "/subscriptions/f0ad147f-14df-4773-a0a4-e83aba078cb1/resourceGroups/secure-server-rg/providers/Microsoft.Network/networkSecurityGroups/bastion-nsg",
            "location": "centralus",
            "name": "bastion-nsg",
            "resource_group_name": "secure-server-rg",
            "security_rule": [
              {
                "access": "Allow",
                "description": "",
                "destination_address_prefix": "*",
                "destination_address_prefixes": [],
                "destination_application_security_group_ids": [],
                "destination_port_range": "",
                "destination_port_ranges": [
                  "22"
                ],
                "direction": "Inbound",
                "name": "SSH",
                "priority": 1001,
                "protocol": "Tcp",
                "source_address_prefix": "",
                "source_address_prefixes": [
                  "128.250.0.127/32"
                ],
                "source_application_security_group_ids": [],
                "source_port_range": "*",
                "source_port_ranges": []
              }
            ],
            "tags": {},
            "timeouts": null
          },
          "sensitive_attributes": [],
          "identity_schema_version": 0,
          "private": "eyJlMmJmYjczMC1lY2FhLTExZTYtOGY4OC0zNDM2M2JjN2M0YzAiOnsiY3JlYXRlIjoxODAwMDAwMDAwMDAwLCJkZWxldGUiOjE4MDAwMDAwMDAwMDAsInJlYWQiOjMwMDAwMDAwMDAwMCwidXBkYXRlIjoxODAwMDAwMDAwMDAwfX0=",
          "dependencies": [
            "azurerm_resource_group.main"
          ]
        }
      ]
    },
    {
      "mode": "managed",
      "type": "azurerm_public_ip",
      "name": "bastion",
      "provider": "provider[\"registry.terraform.io/hashicorp/azurerm\"]",
      "instances": [
        {
          "schema_version": 0,
          "attributes": {
            "allocation_method": "Static",
            "ddos_protection_mode": "VirtualNetworkInherited",
            "ddos_protection_plan_id": null,
            "domain_name_label": null,
            "domain_name_label_scope": null,
            "edge_zone": "",
            "fqdn": null,
            "id": "/subscriptions/f0ad147f-14df-4773-a0a4-e83aba078cb1/resourceGroups/secure-server-rg/providers/Microsoft.Network/publicIPAddresses/bastion-public-ip",
            "idle_timeout_in_minutes": 4,
            "ip_address": "172.202.46.67",
            "ip_tags": {},
            "ip_version": "IPv4",
            "location": "centralus",
            "name": "bastion-public-ip",
            "public_ip_prefix_id": null,
            "resource_group_name": "secure-server-rg",
            "reverse_fqdn": null,
            "sku": "Standard",
            "sku_tier": "Regional",
            "tags": {},
            "timeouts": null,
            "zones": []
          },
          "sensitive_attributes": [],
          "identity_schema_version": 0,
          "private": "eyJlMmJmYjczMC1lY2FhLTExZTYtOGY4OC0zNDM2M2JjN2M0YzAiOnsiY3JlYXRlIjoxODAwMDAwMDAwMDAwLCJkZWxldGUiOjE4MDAwMDAwMDAwMDAsInJlYWQiOjMwMDAwMDAwMDAwMCwidXBkYXRlIjoxODAwMDAwMDAwMDAwfSwic2NoZW1hX3ZlcnNpb24iOiIwIn0=",
          "dependencies": [
            "azurerm_resource_group.main"
          ]
        }
      ]
    },
    {
      "mode": "managed",
      "type": "azurerm_resource_group",
      "name": "main",
      "provider": "provider[\"registry.terraform.io/hashicorp/azurerm\"]",
      "instances": [
        {
          "schema_version": 0,
          "attributes": {
            "id": "/subscriptions/f0ad147f-14df-4773-a0a4-e83aba078cb1/resourceGroups/secure-server-rg",
            "location": "centralus",
            "managed_by": "",
            "name": "secure-server-rg",
            "tags": {},
            "timeouts": null
          },
          "sensitive_attributes": [],
          "identity_schema_version": 0,
          "private": "eyJlMmJmYjczMC1lY2FhLTExZTYtOGY4OC0zNDM2M2JjN2M0YzAiOnsiY3JlYXRlIjo1NDAwMDAwMDAwMDAwLCJkZWxldGUiOjU0MDAwMDAwMDAwMDAsInJlYWQiOjMwMDAwMDAwMDAwMCwidXBkYXRlIjo1NDAwMDAwMDAwMDAwfX0="
        }
      ]
    },
    {
      "mode": "managed",
      "type": "azurerm_subnet",
      "name": "private",
      "provider": "provider[\"registry.terraform.io/hashicorp/azurerm\"]",
      "instances": [
        {
          "schema_version": 0,
          "attributes": {
            "address_prefixes": [
              "10.0.2.0/24"
            ],
            "default_outbound_access_enabled": true,
            "delegation": [],
            "id": "/subscriptions/f0ad147f-14df-4773-a0a4-e83aba078cb1/resourceGroups/secure-server-rg/providers/Microsoft.Network/virtualNetworks/secure-vnet/subnets/private-subnet",
            "name": "private-subnet",
            "private_endpoint_network_policies": "Disabled",
            "private_link_service_network_policies_enabled": true,
            "resource_group_name": "secure-server-rg",
            "service_endpoint_policy_ids": [],
            "service_endpoints": [],
            "timeouts": null,
            "virtual_network_name": "secure-vnet"
          },
          "sensitive_attributes": [],
          "identity_schema_version": 0,
          "private": "eyJlMmJmYjczMC1lY2FhLTExZTYtOGY4OC0zNDM2M2JjN2M0YzAiOnsiY3JlYXRlIjoxODAwMDAwMDAwMDAwLCJkZWxldGUiOjE4MDAwMDAwMDAwMDAsInJlYWQiOjMwMDAwMDAwMDAwMCwidXBkYXRlIjoxODAwMDAwMDAwMDAwfX0=",
          "dependencies": [
            "azurerm_resource_group.main",
            "azurerm_virtual_network.main"
          ]
        }
      ]
    },
    {
      "mode": "managed",
      "type": "azurerm_subnet",
      "name": "public",
      "provider": "provider[\"registry.terraform.io/hashicorp/azurerm\"]",
      "instances": [
        {
          "schema_version": 0,
          "attributes": {
            "address_prefixes": [
              "10.0.1.0/24"
            ],
            "default_outbound_access_enabled": true,
            "delegation": [],
            "id": "/subscriptions/f0ad147f-14df-4773-a0a4-e83aba078cb1/resourceGroups/secure-server-rg/providers/Microsoft.Network/virtualNetworks/secure-vnet/subnets/public-subnet",
            "name": "public-subnet",
            "private_endpoint_network_policies": "Disabled",
            "private_link_service_network_policies_enabled": true,
            "resource_group_name": "secure-server-rg",
            "service_endpoint_policy_ids": [],
            "service_endpoints": [],
            "timeouts": null,
            "virtual_network_name": "secure-vnet"
          },
          "sensitive_attributes": [],
          "identity_schema_version": 0,
          "private": "eyJlMmJmYjczMC1lY2FhLTExZTYtOGY4OC0zNDM2M2JjN2M0YzAiOnsiY3JlYXRlIjoxODAwMDAwMDAwMDAwLCJkZWxldGUiOjE4MDAwMDAwMDAwMDAsInJlYWQiOjMwMDAwMDAwMDAwMCwidXBkYXRlIjoxODAwMDAwMDAwMDAwfX0=",
          "dependencies": [
            "azurerm_resource_group.main",
            "azurerm_virtual_network.main"
          ]
        }
      ]
    },
    {
      "mode": "managed",
      "type": "azurerm_subnet_network_security_group_association",
      "name": "public",
      "provider": "provider[\"registry.terraform.io/hashicorp/azurerm\"]",
      "instances": [
        {
          "schema_version": 0,
          "attributes": {
            "id": "/subscriptions/f0ad147f-14df-4773-a0a4-e83aba078cb1/resourceGroups/secure-server-rg/providers/Microsoft.Network/virtualNetworks/secure-vnet/subnets/public-subnet",
            "network_security_group_id": "/subscriptions/f0ad147f-14df-4773-a0a4-e83aba078cb1/resourceGroups/secure-server-rg/providers/Microsoft.Network/networkSecurityGroups/bastion-nsg",
            "subnet_id": "/subscriptions/f0ad147f-14df-4773-a0a4-e83aba078cb1/resourceGroups/secure-server-rg/providers/Microsoft.Network/virtualNetworks/secure-vnet/subnets/public-subnet",
            "timeouts": null
          },
          "sensitive_attributes": [],
          "identity_schema_version": 0,
          "private": "eyJlMmJmYjczMC1lY2FhLTExZTYtOGY4OC0zNDM2M2JjN2M0YzAiOnsiY3JlYXRlIjoxODAwMDAwMDAwMDAwLCJkZWxldGUiOjE4MDAwMDAwMDAwMDAsInJlYWQiOjMwMDAwMDAwMDAwMH19",
          "dependencies": [
            "azurerm_network_security_group.bastion_nsg",
            "azurerm_resource_group.main",
            "azurerm_subnet.public",
            "azurerm_virtual_network.main"
          ]
        }
      ]
    },
    {
      "mode": "managed",
      "type": "azurerm_virtual_network",
      "name": "main",
      "provider": "provider[\"registry.terraform.io/hashicorp/azurerm\"]",
      "instances": [
        {
          "schema_version": 0,
          "attributes": {
            "address_space": [
              "10.0.0.0/16"
            ],
            "bgp_community": "",
            "ddos_protection_plan": [],
            "dns_servers": [],
            "edge_zone": "",
            "encryption": [],
            "flow_timeout_in_minutes": 0,
            "guid": "d22a2996-ac32-4cf7-9be2-c2eac946f07e",
            "id": "/subscriptions/f0ad147f-14df-4773-a0a4-e83aba078cb1/resourceGroups/secure-server-rg/providers/Microsoft.Network/virtualNetworks/secure-vnet",
            "ip_address_pool": [],
            "location": "centralus",
            "name": "secure-vnet",
            "private_endpoint_vnet_policies": "Disabled",
            "resource_group_name": "secure-server-rg",
            "subnet": [
              {
                "address_prefixes": [
                  "10.0.1.0/24"
                ],
                "default_outbound_access_enabled": true,
                "delegation": [],
                "id": "/subscriptions/f0ad147f-14df-4773-a0a4-e83aba078cb1/resourceGroups/secure-server-rg/providers/Microsoft.Network/virtualNetworks/secure-vnet/subnets/public-subnet",
                "name": "public-subnet",
                "private_endpoint_network_policies": "Disabled",
                "private_link_service_network_policies_enabled": true,
                "route_table_id": "",
                "security_group": "",
                "service_endpoint_policy_ids": [],
                "service_endpoints": []
              },
              {
                "address_prefixes": [
                  "10.0.2.0/24"
                ],
                "default_outbound_access_enabled": true,
                "delegation": [],
                "id": "/subscriptions/f0ad147f-14df-4773-a0a4-e83aba078cb1/resourceGroups/secure-server-rg/providers/Microsoft.Network/virtualNetworks/secure-vnet/subnets/private-subnet",
                "name": "private-subnet",
                "private_endpoint_network_policies": "Disabled",
                "private_link_service_network_policies_enabled": true,
                "route_table_id": "",
                "security_group": "",
                "service_endpoint_policy_ids": [],
                "service_endpoints": []
              }
            ],
            "tags": {},
            "timeouts": null
          },
          "sensitive_attributes": [],
          "identity_schema_version": 0,
          "private": "eyJlMmJmYjczMC1lY2FhLTExZTYtOGY4OC0zNDM2M2JjN2M0YzAiOnsiY3JlYXRlIjoxODAwMDAwMDAwMDAwLCJkZWxldGUiOjE4MDAwMDAwMDAwMDAsInJlYWQiOjMwMDAwMDAwMDAwMCwidXBkYXRlIjoxODAwMDAwMDAwMDAwfX0=",
          "dependencies": [
            "azurerm_resource_group.main"
          ]
        }
      ]
    }
  ],
  "check_results": null
}
