{
  "version": 4,
  "terraform_version": "1.12.2",
  "serial": 139,
  "lineage": "8fbd2f65-5cf4-78dc-2c39-06774f924664",
  "outputs": {
    "app_vm_private_ip": {
      "value": null,
      "type": "string"
    },
    "bastion_public_ip": {
      "value": "172.202.25.234",
      "type": "string"
    },
    "database_fqdn": {
      "value": "secure-db-server.mysql.database.azure.com",
      "type": "string"
    },
    "resource_group_name": {
      "value": "secure-server-rg",
      "type": "string"
    },
    "vnet_id": {
      "value": "/subscriptions/dde349b6-e516-4976-bc8d-4e4036bd454d/resourceGroups/secure-server-rg/providers/Microsoft.Network/virtualNetworks/secure-vnet",
      "type": "string"
    }
  },
  "resources": [
    {
      "mode": "data",
      "type": "azurerm_client_config",
      "name": "current",
      "provider": "provider[\"registry.terraform.io/hashicorp/azurerm\"]",
      "instances": [
        {
          "schema_version": 0,
          "attributes": {
            "client_id": "04b07795-8ddb-461a-bbee-02f9e1bf7b46",
            "id": "Y2xpZW50Q29uZmlncy9jbGllbnRJZD0wNGIwNzc5NS04ZGRiLTQ2MWEtYmJlZS0wMmY5ZTFiZjdiNDY7b2JqZWN0SWQ9ZDkxODQxM2YtMWM4My00ZGU3LThmMGEtMDVkNmZlMjFlNDAyO3N1YnNjcmlwdGlvbklkPWRkZTM0OWI2LWU1MTYtNDk3Ni1iYzhkLTRlNDAzNmJkNDU0ZDt0ZW5hbnRJZD1mMjI3OWQ4OS1jYzE5LTQ4OWUtYTk4ZC1lNTNkM2E2MzU1YjE=",
            "object_id": "d918413f-1c83-4de7-8f0a-05d6fe21e402",
            "subscription_id": "dde349b6-e516-4976-bc8d-4e4036bd454d",
            "tenant_id": "f2279d89-cc19-489e-a98d-e53d3a6355b1",
            "timeouts": null
          },
          "sensitive_attributes": [],
          "identity_schema_version": 0
        }
      ]
    },
    {
      "mode": "managed",
      "type": "azurerm_application_insights",
      "name": "main",
      "provider": "provider[\"registry.terraform.io/hashicorp/azurerm\"]",
      "instances": [
        {
          "schema_version": 2,
          "attributes": {
            "app_id": "d2f1c46a-2686-4584-94e4-88c02305159d",
            "application_type": "web",
            "connection_string": "InstrumentationKey=71f3bace-1d34-4704-95a2-b7e81cebf4ff;IngestionEndpoint=https://centralus-2.in.applicationinsights.azure.com/;LiveEndpoint=https://centralus.livediagnostics.monitor.azure.com/;ApplicationId=d2f1c46a-2686-4584-94e4-88c02305159d",
            "daily_data_cap_in_gb": 100,
            "daily_data_cap_notifications_disabled": false,
            "disable_ip_masking": false,
            "force_customer_storage_for_profiler": false,
            "id": "/subscriptions/dde349b6-e516-4976-bc8d-4e4036bd454d/resourceGroups/secure-server-rg/providers/Microsoft.Insights/components/secure-server-appinsights",
            "instrumentation_key": "71f3bace-1d34-4704-95a2-b7e81cebf4ff",
            "internet_ingestion_enabled": true,
            "internet_query_enabled": true,
            "local_authentication_disabled": false,
            "location": "centralus",
            "name": "secure-server-appinsights",
            "resource_group_name": "secure-server-rg",
            "retention_in_days": 90,
            "sampling_percentage": 100,
            "tags": {},
            "timeouts": null,
            "workspace_id": "/subscriptions/dde349b6-e516-4976-bc8d-4e4036bd454d/resourceGroups/secure-server-rg/providers/Microsoft.OperationalInsights/workspaces/secure-server-logs"
          },
          "sensitive_attributes": [
            [
              {
                "type": "get_attr",
                "value": "connection_string"
              }
            ],
            [
              {
                "type": "get_attr",
                "value": "instrumentation_key"
              }
            ]
          ],
          "identity_schema_version": 0,
          "private": "eyJlMmJmYjczMC1lY2FhLTExZTYtOGY4OC0zNDM2M2JjN2M0YzAiOnsiY3JlYXRlIjozNjAwMDAwMDAwMDAwLCJkZWxldGUiOjE4MDAwMDAwMDAwMDAsInJlYWQiOjMwMDAwMDAwMDAwMCwidXBkYXRlIjoxODAwMDAwMDAwMDAwfSwic2NoZW1hX3ZlcnNpb24iOiIyIn0="
        }
      ]
    },
    {
      "mode": "managed",
      "type": "azurerm_backup_policy_vm",
      "name": "main",
      "provider": "provider[\"registry.terraform.io/hashicorp/azurerm\"]",
      "instances": [
        {
          "schema_version": 0,
          "attributes": {
            "backup": [
              {
                "frequency": "Daily",
                "hour_duration": 0,
                "hour_interval": 0,
                "time": "23:00",
                "weekdays": []
              }
            ],
            "id": "/subscriptions/dde349b6-e516-4976-bc8d-4e4036bd454d/resourceGroups/secure-server-rg/providers/Microsoft.RecoveryServices/vaults/secure-server-backup-vault/backupPolicies/secure-server-backup-policy",
            "instant_restore_resource_group": [],
            "instant_restore_retention_days": 2,
            "name": "secure-server-backup-policy",
            "policy_type": "V1",
            "recovery_vault_name": "secure-server-backup-vault",
            "resource_group_name": "secure-server-rg",
            "retention_daily": [
              {
                "count": 7
              }
            ],
            "retention_monthly": [
              {
                "count": 12,
                "days": [],
                "include_last_days": false,
                "weekdays": [
                  "Sunday"
                ],
                "weeks": [
                  "First"
                ]
              }
            ],
            "retention_weekly": [
              {
                "count": 4,
                "weekdays": [
                  "Sunday"
                ]
              }
            ],
            "retention_yearly": [],
            "tiering_policy": [],
            "timeouts": null,
            "timezone": "UTC"
          },
          "sensitive_attributes": [],
          "identity_schema_version": 0,
          "private": "eyJlMmJmYjczMC1lY2FhLTExZTYtOGY4OC0zNDM2M2JjN2M0YzAiOnsiY3JlYXRlIjoxODAwMDAwMDAwMDAwLCJkZWxldGUiOjE4MDAwMDAwMDAwMDAsInJlYWQiOjMwMDAwMDAwMDAwMCwidXBkYXRlIjoxODAwMDAwMDAwMDAwfSwic2NoZW1hX3ZlcnNpb24iOiIwIn0=",
          "dependencies": [
            "azurerm_recovery_services_vault.main",
            "azurerm_resource_group.main"
          ]
        }
      ]
    },
    {
      "mode": "managed",
      "type": "azurerm_backup_protected_vm",
      "name": "app",
      "provider": "provider[\"registry.terraform.io/hashicorp/azurerm\"]",
      "instances": [
        {
          "schema_version": 0,
          "attributes": {
            "backup_policy_id": "/subscriptions/dde349b6-e516-4976-bc8d-4e4036bd454d/resourceGroups/secure-server-rg/providers/Microsoft.RecoveryServices/vaults/secure-server-backup-vault/backupPolicies/secure-server-backup-policy",
            "exclude_disk_luns": null,
            "id": "/subscriptions/dde349b6-e516-4976-bc8d-4e4036bd454d/resourceGroups/secure-server-rg/providers/Microsoft.RecoveryServices/vaults/secure-server-backup-vault/backupFabrics/Azure/protectionContainers/iaasvmcontainer;iaasvmcontainerv2;secure-server-rg;app-vm/protectedItems/VM;iaasvmcontainerv2;secure-server-rg;app-vm",
            "include_disk_luns": null,
            "protection_state": "IRPending",
            "recovery_vault_name": "secure-server-backup-vault",
            "resource_group_name": "secure-server-rg",
            "source_vm_id": "/subscriptions/dde349b6-e516-4976-bc8d-4e4036bd454d/resourceGroups/secure-server-rg/providers/Microsoft.Compute/virtualMachines/app-vm",
            "timeouts": null
          },
          "sensitive_attributes": [],
          "identity_schema_version": 0,
          "private": "eyJlMmJmYjczMC1lY2FhLTExZTYtOGY4OC0zNDM2M2JjN2M0YzAiOnsiY3JlYXRlIjo3MjAwMDAwMDAwMDAwLCJkZWxldGUiOjQ4MDAwMDAwMDAwMDAsInJlYWQiOjMwMDAwMDAwMDAwMCwidXBkYXRlIjo3MjAwMDAwMDAwMDAwfSwic2NoZW1hX3ZlcnNpb24iOiIwIn0="
        }
      ]
    },
    {
      "mode": "managed",
      "type": "azurerm_backup_protected_vm",
      "name": "bastion",
      "provider": "provider[\"registry.terraform.io/hashicorp/azurerm\"]",
      "instances": [
        {
          "schema_version": 0,
          "attributes": {
            "backup_policy_id": "/subscriptions/dde349b6-e516-4976-bc8d-4e4036bd454d/resourceGroups/secure-server-rg/providers/Microsoft.RecoveryServices/vaults/secure-server-backup-vault/backupPolicies/secure-server-backup-policy",
            "exclude_disk_luns": null,
            "id": "/subscriptions/dde349b6-e516-4976-bc8d-4e4036bd454d/resourceGroups/secure-server-rg/providers/Microsoft.RecoveryServices/vaults/secure-server-backup-vault/backupFabrics/Azure/protectionContainers/iaasvmcontainer;iaasvmcontainerv2;secure-server-rg;bastion-vm/protectedItems/VM;iaasvmcontainerv2;secure-server-rg;bastion-vm",
            "include_disk_luns": null,
            "protection_state": "IRPending",
            "recovery_vault_name": "secure-server-backup-vault",
            "resource_group_name": "secure-server-rg",
            "source_vm_id": "/subscriptions/dde349b6-e516-4976-bc8d-4e4036bd454d/resourceGroups/secure-server-rg/providers/Microsoft.Compute/virtualMachines/bastion-vm",
            "timeouts": null
          },
          "sensitive_attributes": [],
          "identity_schema_version": 0,
          "private": "eyJlMmJmYjczMC1lY2FhLTExZTYtOGY4OC0zNDM2M2JjN2M0YzAiOnsiY3JlYXRlIjo3MjAwMDAwMDAwMDAwLCJkZWxldGUiOjQ4MDAwMDAwMDAwMDAsInJlYWQiOjMwMDAwMDAwMDAwMCwidXBkYXRlIjo3MjAwMDAwMDAwMDAwfSwic2NoZW1hX3ZlcnNpb24iOiIwIn0="
        }
      ]
    },
    {
      "mode": "managed",
      "type": "azurerm_key_vault",
      "name": "main",
      "provider": "provider[\"registry.terraform.io/hashicorp/azurerm\"]",
      "instances": [
        {
          "schema_version": 2,
          "attributes": {
            "access_policy": [
              {
                "application_id": "",
                "certificate_permissions": [
                  "Get",
                  "List",
                  "Create",
                  "Delete",
                  "Update"
                ],
                "key_permissions": [
                  "Get",
                  "List",
                  "Create",
                  "Delete",
                  "Update"
                ],
                "object_id": "dd076376-dfee-4749-bc3b-c1f8de399020",
                "secret_permissions": [
                  "Get",
                  "List",
                  "Set",
                  "Delete"
                ],
                "storage_permissions": [],
                "tenant_id": "f2279d89-cc19-489e-a98d-e53d3a6355b1"
              }
            ],
            "contact": [],
            "enable_rbac_authorization": false,
            "enabled_for_deployment": false,
            "enabled_for_disk_encryption": true,
            "enabled_for_template_deployment": false,
            "id": "/subscriptions/dde349b6-e516-4976-bc8d-4e4036bd454d/resourceGroups/secure-server-rg/providers/Microsoft.KeyVault/vaults/secure-server-kv",
            "location": "centralus",
            "name": "secure-server-kv",
            "network_acls": [
              {
                "bypass": "AzureServices",
                "default_action": "Deny",
                "ip_rules": [],
                "virtual_network_subnet_ids": []
              }
            ],
            "public_network_access_enabled": true,
            "purge_protection_enabled": false,
            "resource_group_name": "secure-server-rg",
            "sku_name": "standard",
            "soft_delete_retention_days": 7,
            "tags": {},
            "tenant_id": "f2279d89-cc19-489e-a98d-e53d3a6355b1",
            "timeouts": null,
            "vault_uri": "https://secure-server-kv.vault.azure.net/"
          },
          "sensitive_attributes": [],
          "identity_schema_version": 0,
          "private": "eyJlMmJmYjczMC1lY2FhLTExZTYtOGY4OC0zNDM2M2JjN2M0YzAiOnsiY3JlYXRlIjoxODAwMDAwMDAwMDAwLCJkZWxldGUiOjE4MDAwMDAwMDAwMDAsInJlYWQiOjMwMDAwMDAwMDAwMCwidXBkYXRlIjoxODAwMDAwMDAwMDAwfSwic2NoZW1hX3ZlcnNpb24iOiIyIn0="
        }
      ]
    },
    {
      "mode": "managed",
      "type": "azurerm_key_vault_access_policy",
      "name": "main",
      "provider": "provider[\"registry.terraform.io/hashicorp/azurerm\"]",
      "instances": [
        {
          "schema_version": 0,
          "attributes": {
            "application_id": "",
            "certificate_permissions": [
              "Get",
              "List",
              "Create",
              "Delete",
              "Update"
            ],
            "id": "/subscriptions/dde349b6-e516-4976-bc8d-4e4036bd454d/resourceGroups/secure-server-rg/providers/Microsoft.KeyVault/vaults/secure-server-kv/objectId/dd076376-dfee-4749-bc3b-c1f8de399020",
            "key_permissions": [
              "Get",
              "List",
              "Create",
              "Delete",
              "Update"
            ],
            "key_vault_id": "/subscriptions/dde349b6-e516-4976-bc8d-4e4036bd454d/resourceGroups/secure-server-rg/providers/Microsoft.KeyVault/vaults/secure-server-kv",
            "object_id": "dd076376-dfee-4749-bc3b-c1f8de399020",
            "secret_permissions": [
              "Get",
              "List",
              "Set",
              "Delete"
            ],
            "storage_permissions": [],
            "tenant_id": "f2279d89-cc19-489e-a98d-e53d3a6355b1",
            "timeouts": null
          },
          "sensitive_attributes": [],
          "identity_schema_version": 0,
          "private": "eyJlMmJmYjczMC1lY2FhLTExZTYtOGY4OC0zNDM2M2JjN2M0YzAiOnsiY3JlYXRlIjoxODAwMDAwMDAwMDAwLCJkZWxldGUiOjE4MDAwMDAwMDAwMDAsInJlYWQiOjMwMDAwMDAwMDAwMCwidXBkYXRlIjoxODAwMDAwMDAwMDAwfSwic2NoZW1hX3ZlcnNpb24iOiIwIn0="
        }
      ]
    },
    {
      "mode": "managed",
      "type": "azurerm_log_analytics_workspace",
      "name": "main",
      "provider": "provider[\"registry.terraform.io/hashicorp/azurerm\"]",
      "instances": [
        {
          "schema_version": 3,
          "attributes": {
            "allow_resource_only_permissions": true,
            "cmk_for_query_forced": false,
            "daily_quota_gb": -1,
            "data_collection_rule_id": "",
            "id": "/subscriptions/dde349b6-e516-4976-bc8d-4e4036bd454d/resourceGroups/secure-server-rg/providers/Microsoft.OperationalInsights/workspaces/secure-server-logs",
            "identity": [],
            "immediate_data_purge_on_30_days_enabled": false,
            "internet_ingestion_enabled": true,
            "internet_query_enabled": true,
            "local_authentication_disabled": false,
            "location": "centralus",
            "name": "secure-server-logs",
            "primary_shared_key": "bSoe5La7+NTiqJg3elEBIiHJG/YW3ePm7DZKLjzHL8JG21W1IdF6D/jv+UyucXKpQRZxrPlQMIkhTJNbG5yPnw==",
            "reservation_capacity_in_gb_per_day": null,
            "resource_group_name": "secure-server-rg",
            "retention_in_days": 30,
            "secondary_shared_key": "+wwpzOI8NtEdLS5unbrsBAVZTFDajuIz8oX4/j3fQcVqS1CPJT+sf/DsdZ+7vNFt2UdY7QS1S0+4yb8N6Hjw3A==",
            "sku": "PerGB2018",
            "tags": {},
            "timeouts": null,
            "workspace_id": "fd8e4304-6029-4ea1-8d52-aeb981d377f5"
          },
          "sensitive_attributes": [
            [
              {
                "type": "get_attr",
                "value": "primary_shared_key"
              }
            ],
            [
              {
                "type": "get_attr",
                "value": "secondary_shared_key"
              }
            ]
          ],
          "identity_schema_version": 0,
          "private": "eyJlMmJmYjczMC1lY2FhLTExZTYtOGY4OC0zNDM2M2JjN2M0YzAiOnsiY3JlYXRlIjoxODAwMDAwMDAwMDAwLCJkZWxldGUiOjE4MDAwMDAwMDAwMDAsInJlYWQiOjMwMDAwMDAwMDAwMCwidXBkYXRlIjoxODAwMDAwMDAwMDAwfSwic2NoZW1hX3ZlcnNpb24iOiIzIn0="
        }
      ]
    },
    {
      "mode": "managed",
      "type": "azurerm_monitor_action_group",
      "name": "main",
      "provider": "provider[\"registry.terraform.io/hashicorp/azurerm\"]",
      "instances": [
        {
          "schema_version": 1,
          "attributes": {
            "arm_role_receiver": [],
            "automation_runbook_receiver": [],
            "azure_app_push_receiver": [],
            "azure_function_receiver": [],
            "email_receiver": [
              {
                "email_address": "admin@example.com",
                "name": "admin",
                "use_common_alert_schema": true
              }
            ],
            "enabled": true,
            "event_hub_receiver": [],
            "id": "/subscriptions/dde349b6-e516-4976-bc8d-4e4036bd454d/resourceGroups/secure-server-rg/providers/Microsoft.Insights/actionGroups/secure-server-alerts",
            "itsm_receiver": [],
            "location": "global",
            "logic_app_receiver": [],
            "name": "secure-server-alerts",
            "resource_group_name": "secure-server-rg",
            "short_name": "alerts",
            "sms_receiver": [],
            "tags": {},
            "timeouts": null,
            "voice_receiver": [],
            "webhook_receiver": []
          },
          "sensitive_attributes": [],
          "identity_schema_version": 0,
          "private": "eyJlMmJmYjczMC1lY2FhLTExZTYtOGY4OC0zNDM2M2JjN2M0YzAiOnsiY3JlYXRlIjoxODAwMDAwMDAwMDAwLCJkZWxldGUiOjE4MDAwMDAwMDAwMDAsInJlYWQiOjMwMDAwMDAwMDAwMCwidXBkYXRlIjoxODAwMDAwMDAwMDAwfSwic2NoZW1hX3ZlcnNpb24iOiIxIn0="
        }
      ]
    },
    {
      "mode": "managed",
      "type": "azurerm_mysql_flexible_database",
      "name": "main",
      "provider": "provider[\"registry.terraform.io/hashicorp/azurerm\"]",
      "instances": [
        {
          "schema_version": 0,
          "attributes": {
            "charset": "utf8",
            "collation": "utf8_unicode_ci",
            "id": "/subscriptions/dde349b6-e516-4976-bc8d-4e4036bd454d/resourceGroups/secure-server-rg/providers/Microsoft.DBforMySQL/flexibleServers/secure-db-server/databases/appdb",
            "name": "appdb",
            "resource_group_name": "secure-server-rg",
            "server_name": "secure-db-server",
            "timeouts": null
          },
          "sensitive_attributes": [],
          "identity_schema_version": 0,
          "private": "eyJlMmJmYjczMC1lY2FhLTExZTYtOGY4OC0zNDM2M2JjN2M0YzAiOnsiY3JlYXRlIjozNjAwMDAwMDAwMDAwLCJkZWxldGUiOjM2MDAwMDAwMDAwMDAsInJlYWQiOjMwMDAwMDAwMDAwMH0sInNjaGVtYV92ZXJzaW9uIjoiMCJ9"
        }
      ]
    },
    {
      "mode": "managed",
      "type": "azurerm_mysql_flexible_server",
      "name": "main",
      "provider": "provider[\"registry.terraform.io/hashicorp/azurerm\"]",
      "instances": [
        {
          "schema_version": 0,
          "attributes": {
            "administrator_login": "dbadmin",
            "administrator_password": null,
            "administrator_password_wo": null,
            "administrator_password_wo_version": 0,
            "backup_retention_days": 7,
            "create_mode": null,
            "customer_managed_key": [],
            "delegated_subnet_id": "",
            "fqdn": "secure-db-server.mysql.database.azure.com",
            "geo_redundant_backup_enabled": false,
            "high_availability": [],
            "id": "/subscriptions/dde349b6-e516-4976-bc8d-4e4036bd454d/resourceGroups/secure-server-rg/providers/Microsoft.DBforMySQL/flexibleServers/secure-db-server",
            "identity": [],
            "location": "centralus",
            "maintenance_window": [],
            "name": "secure-db-server",
            "point_in_time_restore_time_in_utc": null,
            "private_dns_zone_id": "",
            "public_network_access": "Enabled",
            "public_network_access_enabled": true,
            "replica_capacity": 10,
            "replication_role": "None",
            "resource_group_name": "secure-server-rg",
            "sku_name": "B_Standard_B1ms",
            "source_server_id": "",
            "storage": [
              {
                "auto_grow_enabled": true,
                "io_scaling_enabled": false,
                "iops": 360,
                "log_on_disk_enabled": false,
                "size_gb": 20
              }
            ],
            "tags": {},
            "timeouts": null,
            "version": "5.7",
            "zone": "2"
          },
          "sensitive_attributes": [
            [
              {
                "type": "get_attr",
                "value": "administrator_password"
              }
            ]
          ],
          "identity_schema_version": 0,
          "private": "eyJlMmJmYjczMC1lY2FhLTExZTYtOGY4OC0zNDM2M2JjN2M0YzAiOnsiY3JlYXRlIjo3MjAwMDAwMDAwMDAwLCJkZWxldGUiOjM2MDAwMDAwMDAwMDAsInJlYWQiOjMwMDAwMDAwMDAwMCwidXBkYXRlIjo3MjAwMDAwMDAwMDAwfSwic2NoZW1hX3ZlcnNpb24iOiIwIn0="
        }
      ]
    },
    {
      "mode": "managed",
      "type": "azurerm_network_security_group",
      "name": "app_nsg",
      "provider": "provider[\"registry.terraform.io/hashicorp/azurerm\"]",
      "instances": [
        {
          "schema_version": 0,
          "attributes": {
            "id": "/subscriptions/dde349b6-e516-4976-bc8d-4e4036bd454d/resourceGroups/secure-server-rg/providers/Microsoft.Network/networkSecurityGroups/app-nsg",
            "location": "centralus",
            "name": "app-nsg",
            "resource_group_name": "secure-server-rg",
            "security_rule": [
              {
                "access": "Allow",
                "description": "",
                "destination_address_prefix": "*",
                "destination_address_prefixes": [],
                "destination_application_security_group_ids": [],
                "destination_port_range": "",
                "destination_port_ranges": [
                  "22"
                ],
                "direction": "Inbound",
                "name": "SSH",
                "priority": 1001,
                "protocol": "Tcp",
                "source_address_prefix": "",
                "source_address_prefixes": [
                  "10.0.1.0/24"
                ],
                "source_application_security_group_ids": [],
                "source_port_range": "*",
                "source_port_ranges": []
              }
            ],
            "tags": {},
            "timeouts": null
          },
          "sensitive_attributes": [],
          "identity_schema_version": 0,
          "private": "eyJlMmJmYjczMC1lY2FhLTExZTYtOGY4OC0zNDM2M2JjN2M0YzAiOnsiY3JlYXRlIjoxODAwMDAwMDAwMDAwLCJkZWxldGUiOjE4MDAwMDAwMDAwMDAsInJlYWQiOjMwMDAwMDAwMDAwMCwidXBkYXRlIjoxODAwMDAwMDAwMDAwfSwic2NoZW1hX3ZlcnNpb24iOiIwIn0=",
          "dependencies": [
            "azurerm_resource_group.main"
          ]
        }
      ]
    },
    {
      "mode": "managed",
      "type": "azurerm_network_security_group",
      "name": "bastion_nsg",
      "provider": "provider[\"registry.terraform.io/hashicorp/azurerm\"]",
      "instances": [
        {
          "schema_version": 0,
          "attributes": {
            "id": "/subscriptions/dde349b6-e516-4976-bc8d-4e4036bd454d/resourceGroups/secure-server-rg/providers/Microsoft.Network/networkSecurityGroups/bastion-nsg",
            "location": "centralus",
            "name": "bastion-nsg",
            "resource_group_name": "secure-server-rg",
            "security_rule": [
              {
                "access": "Allow",
                "description": "",
                "destination_address_prefix": "*",
                "destination_address_prefixes": [],
                "destination_application_security_group_ids": [],
                "destination_port_range": "",
                "destination_port_ranges": [
                  "22"
                ],
                "direction": "Inbound",
                "name": "SSH",
                "priority": 1001,
                "protocol": "Tcp",
                "source_address_prefix": "",
                "source_address_prefixes": [
                  "128.250.0.109/32"
                ],
                "source_application_security_group_ids": [],
                "source_port_range": "*",
                "source_port_ranges": []
              }
            ],
            "tags": {},
            "timeouts": null
          },
          "sensitive_attributes": [],
          "identity_schema_version": 0,
          "private": "eyJlMmJmYjczMC1lY2FhLTExZTYtOGY4OC0zNDM2M2JjN2M0YzAiOnsiY3JlYXRlIjoxODAwMDAwMDAwMDAwLCJkZWxldGUiOjE4MDAwMDAwMDAwMDAsInJlYWQiOjMwMDAwMDAwMDAwMCwidXBkYXRlIjoxODAwMDAwMDAwMDAwfSwic2NoZW1hX3ZlcnNpb24iOiIwIn0=",
          "dependencies": [
            "azurerm_resource_group.main"
          ]
        }
      ]
    },
    {
      "mode": "managed",
      "type": "azurerm_public_ip",
      "name": "bastion",
      "provider": "provider[\"registry.terraform.io/hashicorp/azurerm\"]",
      "instances": [
        {
          "schema_version": 0,
          "attributes": {
            "allocation_method": "Static",
            "ddos_protection_mode": "VirtualNetworkInherited",
            "ddos_protection_plan_id": null,
            "domain_name_label": null,
            "domain_name_label_scope": null,
            "edge_zone": "",
            "fqdn": null,
            "id": "/subscriptions/dde349b6-e516-4976-bc8d-4e4036bd454d/resourceGroups/secure-server-rg/providers/Microsoft.Network/publicIPAddresses/bastion-public-ip",
            "idle_timeout_in_minutes": 4,
            "ip_address": "172.202.25.234",
            "ip_tags": {},
            "ip_version": "IPv4",
            "location": "centralus",
            "name": "bastion-public-ip",
            "public_ip_prefix_id": null,
            "resource_group_name": "secure-server-rg",
            "reverse_fqdn": null,
            "sku": "Standard",
            "sku_tier": "Regional",
            "tags": {},
            "timeouts": null,
            "zones": []
          },
          "sensitive_attributes": [],
          "identity_schema_version": 0,
          "private": "eyJlMmJmYjczMC1lY2FhLTExZTYtOGY4OC0zNDM2M2JjN2M0YzAiOnsiY3JlYXRlIjoxODAwMDAwMDAwMDAwLCJkZWxldGUiOjE4MDAwMDAwMDAwMDAsInJlYWQiOjMwMDAwMDAwMDAwMCwidXBkYXRlIjoxODAwMDAwMDAwMDAwfSwic2NoZW1hX3ZlcnNpb24iOiIwIn0="
        }
      ]
    },
    {
      "mode": "managed",
      "type": "azurerm_recovery_services_vault",
      "name": "main",
      "provider": "provider[\"registry.terraform.io/hashicorp/azurerm\"]",
      "instances": [
        {
          "schema_version": 0,
          "attributes": {
            "classic_vmware_replication_enabled": false,
            "cross_region_restore_enabled": false,
            "encryption": [],
            "id": "/subscriptions/dde349b6-e516-4976-bc8d-4e4036bd454d/resourceGroups/secure-server-rg/providers/Microsoft.RecoveryServices/vaults/secure-server-backup-vault",
            "identity": [],
            "immutability": "Disabled",
            "location": "centralus",
            "monitoring": [],
            "name": "secure-server-backup-vault",
            "public_network_access_enabled": true,
            "resource_group_name": "secure-server-rg",
            "sku": "Standard",
            "soft_delete_enabled": true,
            "storage_mode_type": "GeoRedundant",
            "tags": {},
            "timeouts": null
          },
          "sensitive_attributes": [],
          "identity_schema_version": 0,
          "private": "eyJlMmJmYjczMC1lY2FhLTExZTYtOGY4OC0zNDM2M2JjN2M0YzAiOnsiY3JlYXRlIjo3MjAwMDAwMDAwMDAwLCJkZWxldGUiOjE4MDAwMDAwMDAwMDAsInJlYWQiOjMwMDAwMDAwMDAwMCwidXBkYXRlIjozNjAwMDAwMDAwMDAwfSwic2NoZW1hX3ZlcnNpb24iOiIwIn0=",
          "dependencies": [
            "azurerm_resource_group.main"
          ]
        }
      ]
    },
    {
      "mode": "managed",
      "type": "azurerm_resource_group",
      "name": "main",
      "provider": "provider[\"registry.terraform.io/hashicorp/azurerm\"]",
      "instances": [
        {
          "schema_version": 0,
          "attributes": {
            "id": "/subscriptions/dde349b6-e516-4976-bc8d-4e4036bd454d/resourceGroups/secure-server-rg",
            "location": "centralus",
            "managed_by": "",
            "name": "secure-server-rg",
            "tags": {},
            "timeouts": null
          },
          "sensitive_attributes": [],
          "identity_schema_version": 0,
          "private": "eyJlMmJmYjczMC1lY2FhLTExZTYtOGY4OC0zNDM2M2JjN2M0YzAiOnsiY3JlYXRlIjo1NDAwMDAwMDAwMDAwLCJkZWxldGUiOjU0MDAwMDAwMDAwMDAsInJlYWQiOjMwMDAwMDAwMDAwMCwidXBkYXRlIjo1NDAwMDAwMDAwMDAwfSwic2NoZW1hX3ZlcnNpb24iOiIwIn0="
        }
      ]
    },
    {
      "mode": "managed",
      "type": "azurerm_security_center_setting",
      "name": "main",
      "provider": "provider[\"registry.terraform.io/hashicorp/azurerm\"]",
      "instances": [
        {
          "schema_version": 1,
          "attributes": {
            "enabled": true,
            "id": "/subscriptions/dde349b6-e516-4976-bc8d-4e4036bd454d/providers/Microsoft.Security/settings/MCAS",
            "setting_name": "MCAS",
            "timeouts": null
          },
          "sensitive_attributes": [],
          "identity_schema_version": 0,
          "private": "eyJlMmJmYjczMC1lY2FhLTExZTYtOGY4OC0zNDM2M2JjN2M0YzAiOnsiY3JlYXRlIjo2MDAwMDAwMDAwMDAsImRlbGV0ZSI6NjAwMDAwMDAwMDAwLCJyZWFkIjozMDAwMDAwMDAwMDAsInVwZGF0ZSI6NjAwMDAwMDAwMDAwfSwic2NoZW1hX3ZlcnNpb24iOiIxIn0="
        }
      ]
    },
    {
      "mode": "managed",
      "type": "azurerm_subnet",
      "name": "public",
      "provider": "provider[\"registry.terraform.io/hashicorp/azurerm\"]",
      "instances": [
        {
          "schema_version": 0,
          "attributes": {
            "address_prefixes": [
              "10.0.1.0/24"
            ],
            "default_outbound_access_enabled": true,
            "delegation": [],
            "id": "/subscriptions/dde349b6-e516-4976-bc8d-4e4036bd454d/resourceGroups/secure-server-rg/providers/Microsoft.Network/virtualNetworks/secure-vnet/subnets/public-subnet",
            "name": "public-subnet",
            "private_endpoint_network_policies": "Disabled",
            "private_link_service_network_policies_enabled": true,
            "resource_group_name": "secure-server-rg",
            "service_endpoint_policy_ids": [],
            "service_endpoints": [],
            "timeouts": null,
            "virtual_network_name": "secure-vnet"
          },
          "sensitive_attributes": [],
          "identity_schema_version": 0,
          "private": "eyJlMmJmYjczMC1lY2FhLTExZTYtOGY4OC0zNDM2M2JjN2M0YzAiOnsiY3JlYXRlIjoxODAwMDAwMDAwMDAwLCJkZWxldGUiOjE4MDAwMDAwMDAwMDAsInJlYWQiOjMwMDAwMDAwMDAwMCwidXBkYXRlIjoxODAwMDAwMDAwMDAwfSwic2NoZW1hX3ZlcnNpb24iOiIwIn0="
        }
      ]
    },
    {
      "mode": "managed",
      "type": "azurerm_virtual_network",
      "name": "main",
      "provider": "provider[\"registry.terraform.io/hashicorp/azurerm\"]",
      "instances": [
        {
          "schema_version": 0,
          "attributes": {
            "address_space": [
              "10.0.0.0/16"
            ],
            "bgp_community": "",
            "ddos_protection_plan": [],
            "dns_servers": [],
            "edge_zone": "",
            "encryption": [],
            "flow_timeout_in_minutes": 0,
            "guid": "ec1a3be6-d0e5-4f14-adb8-72e5336670a6",
            "id": "/subscriptions/dde349b6-e516-4976-bc8d-4e4036bd454d/resourceGroups/secure-server-rg/providers/Microsoft.Network/virtualNetworks/secure-vnet",
            "ip_address_pool": [],
            "location": "centralus",
            "name": "secure-vnet",
            "private_endpoint_vnet_policies": "Disabled",
            "resource_group_name": "secure-server-rg",
            "subnet": [
              {
                "address_prefixes": [
                  "10.0.1.0/24"
                ],
                "default_outbound_access_enabled": true,
                "delegation": [],
                "id": "/subscriptions/dde349b6-e516-4976-bc8d-4e4036bd454d/resourceGroups/secure-server-rg/providers/Microsoft.Network/virtualNetworks/secure-vnet/subnets/public-subnet",
                "name": "public-subnet",
                "private_endpoint_network_policies": "Disabled",
                "private_link_service_network_policies_enabled": true,
                "route_table_id": "",
                "security_group": "/subscriptions/dde349b6-e516-4976-bc8d-4e4036bd454d/resourceGroups/secure-server-rg/providers/Microsoft.Network/networkSecurityGroups/bastion-nsg",
                "service_endpoint_policy_ids": [],
                "service_endpoints": []
              },
              {
                "address_prefixes": [
                  "10.0.2.0/24"
                ],
                "default_outbound_access_enabled": true,
                "delegation": [],
                "id": "/subscriptions/dde349b6-e516-4976-bc8d-4e4036bd454d/resourceGroups/secure-server-rg/providers/Microsoft.Network/virtualNetworks/secure-vnet/subnets/private-subnet",
                "name": "private-subnet",
                "private_endpoint_network_policies": "Disabled",
                "private_link_service_network_policies_enabled": true,
                "route_table_id": "",
                "security_group": "/subscriptions/dde349b6-e516-4976-bc8d-4e4036bd454d/resourceGroups/secure-server-rg/providers/Microsoft.Network/networkSecurityGroups/app-nsg",
                "service_endpoint_policy_ids": [],
                "service_endpoints": []
              }
            ],
            "tags": {},
            "timeouts": null
          },
          "sensitive_attributes": [],
          "identity_schema_version": 0,
          "private": "eyJlMmJmYjczMC1lY2FhLTExZTYtOGY4OC0zNDM2M2JjN2M0YzAiOnsiY3JlYXRlIjoxODAwMDAwMDAwMDAwLCJkZWxldGUiOjE4MDAwMDAwMDAwMDAsInJlYWQiOjMwMDAwMDAwMDAwMCwidXBkYXRlIjoxODAwMDAwMDAwMDAwfSwic2NoZW1hX3ZlcnNpb24iOiIwIn0="
        }
      ]
    }
  ],
  "check_results": null
}
