{
  "version": 4,
  "terraform_version": "1.12.2",
  "serial": 245,
  "lineage": "8fbd2f65-5cf4-78dc-2c39-06774f924664",
  "outputs": {
    "app_vm_private_ip": {
      "value": "10.0.2.4",
      "type": "string"
    },
    "bastion_public_ip": {
      "value": "20.29.122.252",
      "type": "string"
    },
    "database_fqdn": {
      "value": "secure-db-server.mysql.database.azure.com",
      "type": "string"
    },
    "resource_group_name": {
      "value": "secure-server-rg",
      "type": "string"
    },
    "vnet_id": {
      "value": "/subscriptions/dde349b6-e516-4976-bc8d-4e4036bd454d/resourceGroups/secure-server-rg/providers/Microsoft.Network/virtualNetworks/secure-vnet",
      "type": "string"
    }
  },
  "resources": [
    {
      "mode": "data",
      "type": "azurerm_client_config",
      "name": "current",
      "provider": "provider[\"registry.terraform.io/hashicorp/azurerm\"]",
      "instances": [
        {
          "schema_version": 0,
          "attributes": {
            "client_id": "04b07795-8ddb-461a-bbee-02f9e1bf7b46",
            "id": "Y2xpZW50Q29uZmlncy9jbGllbnRJZD0wNGIwNzc5NS04ZGRiLTQ2MWEtYmJlZS0wMmY5ZTFiZjdiNDY7b2JqZWN0SWQ9ZDkxODQxM2YtMWM4My00ZGU3LThmMGEtMDVkNmZlMjFlNDAyO3N1YnNjcmlwdGlvbklkPWRkZTM0OWI2LWU1MTYtNDk3Ni1iYzhkLTRlNDAzNmJkNDU0ZDt0ZW5hbnRJZD1mMjI3OWQ4OS1jYzE5LTQ4OWUtYTk4ZC1lNTNkM2E2MzU1YjE=",
            "object_id": "d918413f-1c83-4de7-8f0a-05d6fe21e402",
            "subscription_id": "dde349b6-e516-4976-bc8d-4e4036bd454d",
            "tenant_id": "f2279d89-cc19-489e-a98d-e53d3a6355b1",
            "timeouts": null
          },
          "sensitive_attributes": [],
          "identity_schema_version": 0
        }
      ]
    },
    {
      "mode": "managed",
      "type": "azurerm_application_insights",
      "name": "main",
      "provider": "provider[\"registry.terraform.io/hashicorp/azurerm\"]",
      "instances": [
        {
          "schema_version": 2,
          "attributes": {
            "app_id": "54c2973c-a0e2-4008-b5d0-263146039ea9",
            "application_type": "web",
            "connection_string": "InstrumentationKey=dc67f09f-9762-4cda-9008-8f22584257f7;IngestionEndpoint=https://centralus-2.in.applicationinsights.azure.com/;LiveEndpoint=https://centralus.livediagnostics.monitor.azure.com/;ApplicationId=54c2973c-a0e2-4008-b5d0-263146039ea9",
            "daily_data_cap_in_gb": 100,
            "daily_data_cap_notifications_disabled": false,
            "disable_ip_masking": false,
            "force_customer_storage_for_profiler": false,
            "id": "/subscriptions/dde349b6-e516-4976-bc8d-4e4036bd454d/resourceGroups/secure-server-rg/providers/Microsoft.Insights/components/secure-server-appinsights",
            "instrumentation_key": "dc67f09f-9762-4cda-9008-8f22584257f7",
            "internet_ingestion_enabled": true,
            "internet_query_enabled": true,
            "local_authentication_disabled": false,
            "location": "centralus",
            "name": "secure-server-appinsights",
            "resource_group_name": "secure-server-rg",
            "retention_in_days": 90,
            "sampling_percentage": 100,
            "tags": {},
            "timeouts": null,
            "workspace_id": "/subscriptions/dde349b6-e516-4976-bc8d-4e4036bd454d/resourceGroups/secure-server-rg/providers/Microsoft.OperationalInsights/workspaces/secure-server-logs"
          },
          "sensitive_attributes": [
            [
              {
                "type": "get_attr",
                "value": "connection_string"
              }
            ],
            [
              {
                "type": "get_attr",
                "value": "instrumentation_key"
              }
            ]
          ],
          "identity_schema_version": 0,
          "private": "eyJlMmJmYjczMC1lY2FhLTExZTYtOGY4OC0zNDM2M2JjN2M0YzAiOnsiY3JlYXRlIjozNjAwMDAwMDAwMDAwLCJkZWxldGUiOjE4MDAwMDAwMDAwMDAsInJlYWQiOjMwMDAwMDAwMDAwMCwidXBkYXRlIjoxODAwMDAwMDAwMDAwfSwic2NoZW1hX3ZlcnNpb24iOiIyIn0=",
          "dependencies": [
            "azurerm_log_analytics_workspace.main",
            "azurerm_resource_group.main"
          ]
        }
      ]
    },
    {
      "mode": "managed",
      "type": "azurerm_backup_policy_vm",
      "name": "main",
      "provider": "provider[\"registry.terraform.io/hashicorp/azurerm\"]",
      "instances": [
        {
          "schema_version": 0,
          "attributes": {
            "backup": [
              {
                "frequency": "Daily",
                "hour_duration": 0,
                "hour_interval": 0,
                "time": "23:00",
                "weekdays": []
              }
            ],
            "id": "/subscriptions/dde349b6-e516-4976-bc8d-4e4036bd454d/resourceGroups/secure-server-rg/providers/Microsoft.RecoveryServices/vaults/secure-server-backup-vault/backupPolicies/secure-server-backup-policy",
            "instant_restore_resource_group": [],
            "instant_restore_retention_days": 2,
            "name": "secure-server-backup-policy",
            "policy_type": "V1",
            "recovery_vault_name": "secure-server-backup-vault",
            "resource_group_name": "secure-server-rg",
            "retention_daily": [
              {
                "count": 7
              }
            ],
            "retention_monthly": [
              {
                "count": 12,
                "days": [],
                "include_last_days": false,
                "weekdays": [
                  "Sunday"
                ],
                "weeks": [
                  "First"
                ]
              }
            ],
            "retention_weekly": [
              {
                "count": 4,
                "weekdays": [
                  "Sunday"
                ]
              }
            ],
            "retention_yearly": [],
            "tiering_policy": [],
            "timeouts": null,
            "timezone": "UTC"
          },
          "sensitive_attributes": [],
          "identity_schema_version": 0,
          "private": "eyJlMmJmYjczMC1lY2FhLTExZTYtOGY4OC0zNDM2M2JjN2M0YzAiOnsiY3JlYXRlIjoxODAwMDAwMDAwMDAwLCJkZWxldGUiOjE4MDAwMDAwMDAwMDAsInJlYWQiOjMwMDAwMDAwMDAwMCwidXBkYXRlIjoxODAwMDAwMDAwMDAwfX0=",
          "dependencies": [
            "azurerm_recovery_services_vault.main",
            "azurerm_resource_group.main"
          ]
        }
      ]
    },
    {
      "mode": "managed",
      "type": "azurerm_backup_protected_vm",
      "name": "app",
      "provider": "provider[\"registry.terraform.io/hashicorp/azurerm\"]",
      "instances": [
        {
          "schema_version": 0,
          "attributes": {
            "backup_policy_id": "/subscriptions/dde349b6-e516-4976-bc8d-4e4036bd454d/resourceGroups/secure-server-rg/providers/Microsoft.RecoveryServices/vaults/secure-server-backup-vault/backupPolicies/secure-server-backup-policy",
            "exclude_disk_luns": null,
            "id": "/subscriptions/dde349b6-e516-4976-bc8d-4e4036bd454d/resourceGroups/secure-server-rg/providers/Microsoft.RecoveryServices/vaults/secure-server-backup-vault/backupFabrics/Azure/protectionContainers/iaasvmcontainer;iaasvmcontainerv2;secure-server-rg;app-vm/protectedItems/VM;iaasvmcontainerv2;secure-server-rg;app-vm",
            "include_disk_luns": null,
            "protection_state": "IRPending",
            "recovery_vault_name": "secure-server-backup-vault",
            "resource_group_name": "secure-server-rg",
            "source_vm_id": "/subscriptions/dde349b6-e516-4976-bc8d-4e4036bd454d/resourceGroups/secure-server-rg/providers/Microsoft.Compute/virtualMachines/app-vm",
            "timeouts": null
          },
          "sensitive_attributes": [],
          "identity_schema_version": 0,
          "private": "eyJlMmJmYjczMC1lY2FhLTExZTYtOGY4OC0zNDM2M2JjN2M0YzAiOnsiY3JlYXRlIjo3MjAwMDAwMDAwMDAwLCJkZWxldGUiOjQ4MDAwMDAwMDAwMDAsInJlYWQiOjMwMDAwMDAwMDAwMCwidXBkYXRlIjo3MjAwMDAwMDAwMDAwfX0=",
          "dependencies": [
            "azurerm_backup_policy_vm.main",
            "azurerm_linux_virtual_machine.app",
            "azurerm_network_interface.app_nic",
            "azurerm_recovery_services_vault.main",
            "azurerm_resource_group.main",
            "azurerm_subnet.private",
            "azurerm_virtual_network.main"
          ]
        }
      ]
    },
    {
      "mode": "managed",
      "type": "azurerm_backup_protected_vm",
      "name": "bastion",
      "provider": "provider[\"registry.terraform.io/hashicorp/azurerm\"]",
      "instances": [
        {
          "schema_version": 0,
          "attributes": {
            "backup_policy_id": "/subscriptions/dde349b6-e516-4976-bc8d-4e4036bd454d/resourceGroups/secure-server-rg/providers/Microsoft.RecoveryServices/vaults/secure-server-backup-vault/backupPolicies/secure-server-backup-policy",
            "exclude_disk_luns": null,
            "id": "/subscriptions/dde349b6-e516-4976-bc8d-4e4036bd454d/resourceGroups/secure-server-rg/providers/Microsoft.RecoveryServices/vaults/secure-server-backup-vault/backupFabrics/Azure/protectionContainers/iaasvmcontainer;iaasvmcontainerv2;secure-server-rg;bastion-vm/protectedItems/VM;iaasvmcontainerv2;secure-server-rg;bastion-vm",
            "include_disk_luns": null,
            "protection_state": "IRPending",
            "recovery_vault_name": "secure-server-backup-vault",
            "resource_group_name": "secure-server-rg",
            "source_vm_id": "/subscriptions/dde349b6-e516-4976-bc8d-4e4036bd454d/resourceGroups/secure-server-rg/providers/Microsoft.Compute/virtualMachines/bastion-vm",
            "timeouts": null
          },
          "sensitive_attributes": [],
          "identity_schema_version": 0,
          "private": "eyJlMmJmYjczMC1lY2FhLTExZTYtOGY4OC0zNDM2M2JjN2M0YzAiOnsiY3JlYXRlIjo3MjAwMDAwMDAwMDAwLCJkZWxldGUiOjQ4MDAwMDAwMDAwMDAsInJlYWQiOjMwMDAwMDAwMDAwMCwidXBkYXRlIjo3MjAwMDAwMDAwMDAwfX0=",
          "dependencies": [
            "azurerm_backup_policy_vm.main",
            "azurerm_linux_virtual_machine.bastion",
            "azurerm_network_interface.bastion_nic",
            "azurerm_public_ip.bastion",
            "azurerm_recovery_services_vault.main",
            "azurerm_resource_group.main",
            "azurerm_subnet.public",
            "azurerm_virtual_network.main"
          ]
        }
      ]
    },
    {
      "mode": "managed",
      "type": "azurerm_key_vault",
      "name": "main",
      "provider": "provider[\"registry.terraform.io/hashicorp/azurerm\"]",
      "instances": [
        {
          "schema_version": 2,
          "attributes": {
            "access_policy": [
              {
                "application_id": "",
                "certificate_permissions": [
                  "Get",
                  "List",
                  "Create",
                  "Delete",
                  "Update"
                ],
                "key_permissions": [
                  "Get",
                  "List",
                  "Create",
                  "Delete",
                  "Update"
                ],
                "object_id": "d918413f-1c83-4de7-8f0a-05d6fe21e402",
                "secret_permissions": [
                  "Get",
                  "List",
                  "Set",
                  "Delete"
                ],
                "storage_permissions": [],
                "tenant_id": "f2279d89-cc19-489e-a98d-e53d3a6355b1"
              }
            ],
            "contact": [],
            "enable_rbac_authorization": false,
            "enabled_for_deployment": false,
            "enabled_for_disk_encryption": true,
            "enabled_for_template_deployment": false,
            "id": "/subscriptions/dde349b6-e516-4976-bc8d-4e4036bd454d/resourceGroups/secure-server-rg/providers/Microsoft.KeyVault/vaults/secure-server-kv",
            "location": "centralus",
            "name": "secure-server-kv",
            "network_acls": [
              {
                "bypass": "AzureServices",
                "default_action": "Deny",
                "ip_rules": [
                  "128.250.0.221/32"
                ],
                "virtual_network_subnet_ids": []
              }
            ],
            "public_network_access_enabled": true,
            "purge_protection_enabled": false,
            "resource_group_name": "secure-server-rg",
            "sku_name": "standard",
            "soft_delete_retention_days": 7,
            "tags": {},
            "tenant_id": "f2279d89-cc19-489e-a98d-e53d3a6355b1",
            "timeouts": null,
            "vault_uri": "https://secure-server-kv.vault.azure.net/"
          },
          "sensitive_attributes": [],
          "identity_schema_version": 0,
          "private": "eyJlMmJmYjczMC1lY2FhLTExZTYtOGY4OC0zNDM2M2JjN2M0YzAiOnsiY3JlYXRlIjoxODAwMDAwMDAwMDAwLCJkZWxldGUiOjE4MDAwMDAwMDAwMDAsInJlYWQiOjMwMDAwMDAwMDAwMCwidXBkYXRlIjoxODAwMDAwMDAwMDAwfSwic2NoZW1hX3ZlcnNpb24iOiIyIn0=",
          "dependencies": [
            "azurerm_resource_group.main",
            "data.azurerm_client_config.current"
          ]
        }
      ]
    },
    {
      "mode": "managed",
      "type": "azurerm_key_vault_access_policy",
      "name": "main",
      "provider": "provider[\"registry.terraform.io/hashicorp/azurerm\"]",
      "instances": [
        {
          "schema_version": 0,
          "attributes": {
            "application_id": "",
            "certificate_permissions": [
              "Get",
              "List",
              "Create",
              "Delete",
              "Update"
            ],
            "id": "/subscriptions/dde349b6-e516-4976-bc8d-4e4036bd454d/resourceGroups/secure-server-rg/providers/Microsoft.KeyVault/vaults/secure-server-kv/objectId/d918413f-1c83-4de7-8f0a-05d6fe21e402",
            "key_permissions": [
              "Get",
              "List",
              "Create",
              "Delete",
              "Update"
            ],
            "key_vault_id": "/subscriptions/dde349b6-e516-4976-bc8d-4e4036bd454d/resourceGroups/secure-server-rg/providers/Microsoft.KeyVault/vaults/secure-server-kv",
            "object_id": "d918413f-1c83-4de7-8f0a-05d6fe21e402",
            "secret_permissions": [
              "Get",
              "List",
              "Set",
              "Delete"
            ],
            "storage_permissions": [],
            "tenant_id": "f2279d89-cc19-489e-a98d-e53d3a6355b1",
            "timeouts": null
          },
          "sensitive_attributes": [],
          "identity_schema_version": 0,
          "private": "eyJlMmJmYjczMC1lY2FhLTExZTYtOGY4OC0zNDM2M2JjN2M0YzAiOnsiY3JlYXRlIjoxODAwMDAwMDAwMDAwLCJkZWxldGUiOjE4MDAwMDAwMDAwMDAsInJlYWQiOjMwMDAwMDAwMDAwMCwidXBkYXRlIjoxODAwMDAwMDAwMDAwfX0=",
          "dependencies": [
            "azurerm_key_vault.main",
            "azurerm_resource_group.main",
            "data.azurerm_client_config.current"
          ]
        }
      ]
    },
    {
      "mode": "managed",
      "type": "azurerm_key_vault_secret",
      "name": "db_password",
      "provider": "provider[\"registry.terraform.io/hashicorp/azurerm\"]",
      "instances": [
        {
          "schema_version": 0,
          "attributes": {
            "content_type": "",
            "expiration_date": null,
            "id": "https://secure-server-kv.vault.azure.net/secrets/db-admin-password/7d97f15c7cb145ccb108af5c4b47bf5c",
            "key_vault_id": "/subscriptions/dde349b6-e516-4976-bc8d-4e4036bd454d/resourceGroups/secure-server-rg/providers/Microsoft.KeyVault/vaults/secure-server-kv",
            "name": "db-admin-password",
            "not_before_date": null,
            "resource_id": "/subscriptions/dde349b6-e516-4976-bc8d-4e4036bd454d/resourceGroups/secure-server-rg/providers/Microsoft.KeyVault/vaults/secure-server-kv/secrets/db-admin-password/versions/7d97f15c7cb145ccb108af5c4b47bf5c",
            "resource_versionless_id": "/subscriptions/dde349b6-e516-4976-bc8d-4e4036bd454d/resourceGroups/secure-server-rg/providers/Microsoft.KeyVault/vaults/secure-server-kv/secrets/db-admin-password",
            "tags": {},
            "timeouts": null,
            "value": "MySecurePass123!",
            "value_wo": null,
            "value_wo_version": 0,
            "version": "7d97f15c7cb145ccb108af5c4b47bf5c",
            "versionless_id": "https://secure-server-kv.vault.azure.net/secrets/db-admin-password"
          },
          "sensitive_attributes": [
            [
              {
                "type": "get_attr",
                "value": "value"
              }
            ]
          ],
          "identity_schema_version": 0,
          "private": "eyJlMmJmYjczMC1lY2FhLTExZTYtOGY4OC0zNDM2M2JjN2M0YzAiOnsiY3JlYXRlIjoxODAwMDAwMDAwMDAwLCJkZWxldGUiOjE4MDAwMDAwMDAwMDAsInJlYWQiOjE4MDAwMDAwMDAwMDAsInVwZGF0ZSI6MTgwMDAwMDAwMDAwMH19",
          "dependencies": [
            "azurerm_key_vault.main",
            "azurerm_resource_group.main",
            "data.azurerm_client_config.current"
          ]
        }
      ]
    },
    {
      "mode": "managed",
      "type": "azurerm_linux_virtual_machine",
      "name": "app",
      "provider": "provider[\"registry.terraform.io/hashicorp/azurerm\"]",
      "instances": [
        {
          "schema_version": 0,
          "attributes": {
            "additional_capabilities": [],
            "admin_password": null,
            "admin_ssh_key": [
              {
                "public_key": "ssh-rsa AAAAB3NzaC1yc2EAAAADAQABAAACAQDVkd1j+gjw/2/sfkCmnpds7rCpc7/mJAw44Q7TXwrxySB+tOVtEV8VOEf91RYiJTG71Ga3dv9PkNaFHYTFv6MSJWG95/sI7jNaUc3MzHcXZPhg1se1+NB6EbX6u8CdcuE+6g6pzN13Mh/bhvkwb+jMEVPJcp2ZINy5x05QiszQeMHrHmJGtGDWc8t2T0aI65iinoQvY1zpT28zUUEtJDjBnyJpJ5mz99sQZpAqOa9UyUlNCBt9c/XgZvHCbUJEs3enLwqwkK6dmZixsik+ml3wX23ydO2u6uAW8grFgHg4ZnnhaeFABtGIILnGzVMmeea+cqqkqYGLl+4aln6J2fKPeR0mVVWtTuiGopZRpQwnst73B+0HEAiiTnxG+BVcLBf/OhYuERChrUUs5hpoxvOZ1hDSpU8SGHbhKmpR5iAS/825MiFWZYs9T6FOC9qqhuTdGOHLnroJb/lIaSkGjH7IJHmhxhnXgRTTqI9PKSgwgR7c1IXpTy1riWw1Hpqvsxd6NdQZDLtRWFBW7TaIqYY5b4WdaHXn8K7tpmbAFPi1nDpe7DXPg26OImx0JfDVNyj0KpHiKZyRIBb9u0U78tETcQo2/ukXE7vWnYJF6Isbtksnqvt5Zuf4ul4XekJH+OnGBmQirQg+7HRM3dbNa9GF90aT2g2KKrLoxkT+v8LkeQ== sanjit8991@outlook.com",
                "username": "adminuser"
              }
            ],
            "admin_username": "adminuser",
            "allow_extension_operations": true,
            "availability_set_id": "",
            "boot_diagnostics": [],
            "bypass_platform_safety_checks_on_user_schedule_enabled": false,
            "capacity_reservation_group_id": "",
            "computer_name": "app-vm",
            "custom_data": null,
            "dedicated_host_group_id": "",
            "dedicated_host_id": "",
            "disable_password_authentication": true,
            "disk_controller_type": "SCSI",
            "edge_zone": "",
            "encryption_at_host_enabled": false,
            "eviction_policy": "",
            "extensions_time_budget": "PT1H30M",
            "gallery_application": [],
            "id": "/subscriptions/dde349b6-e516-4976-bc8d-4e4036bd454d/resourceGroups/secure-server-rg/providers/Microsoft.Compute/virtualMachines/app-vm",
            "identity": [],
            "license_type": "",
            "location": "centralus",
            "max_bid_price": -1,
            "name": "app-vm",
            "network_interface_ids": [
              "/subscriptions/dde349b6-e516-4976-bc8d-4e4036bd454d/resourceGroups/secure-server-rg/providers/Microsoft.Network/networkInterfaces/app-nic"
            ],
            "os_disk": [
              {
                "caching": "ReadWrite",
                "diff_disk_settings": [],
                "disk_encryption_set_id": "",
                "disk_size_gb": 30,
                "id": "/subscriptions/dde349b6-e516-4976-bc8d-4e4036bd454d/resourceGroups/secure-server-rg/providers/Microsoft.Compute/disks/app-vm_OsDisk_1_acbda3604d004567a6224dd9a0565167",
                "name": "app-vm_OsDisk_1_acbda3604d004567a6224dd9a0565167",
                "secure_vm_disk_encryption_set_id": "",
                "security_encryption_type": "",
                "storage_account_type": "Standard_LRS",
                "write_accelerator_enabled": false
              }
            ],
            "os_image_notification": [],
            "patch_assessment_mode": "ImageDefault",
            "patch_mode": "ImageDefault",
            "plan": [],
            "platform_fault_domain": -1,
            "priority": "Regular",
            "private_ip_address": "10.0.2.4",
            "private_ip_addresses": [
              "10.0.2.4"
            ],
            "provision_vm_agent": true,
            "proximity_placement_group_id": "",
            "public_ip_address": "",
            "public_ip_addresses": [],
            "reboot_setting": "",
            "resource_group_name": "secure-server-rg",
            "secret": [],
            "secure_boot_enabled": false,
            "size": "Standard_B1s",
            "source_image_id": "",
            "source_image_reference": [
              {
                "offer": "0001-com-ubuntu-server-jammy",
                "publisher": "Canonical",
                "sku": "22_04-lts-gen2",
                "version": "latest"
              }
            ],
            "tags": null,
            "termination_notification": null,
            "timeouts": null,
            "user_data": "",
            "virtual_machine_id": "5777f0a8-5b01-4d0b-9f1b-52932971c307",
            "virtual_machine_scale_set_id": "",
            "vm_agent_platform_updates_enabled": false,
            "vtpm_enabled": false,
            "zone": ""
          },
          "sensitive_attributes": [
            [
              {
                "type": "get_attr",
                "value": "admin_password"
              }
            ],
            [
              {
                "type": "get_attr",
                "value": "admin_ssh_key"
              }
            ],
            [
              {
                "type": "get_attr",
                "value": "custom_data"
              }
            ]
          ],
          "identity_schema_version": 0,
          "private": "eyJlMmJmYjczMC1lY2FhLTExZTYtOGY4OC0zNDM2M2JjN2M0YzAiOnsiY3JlYXRlIjoyNzAwMDAwMDAwMDAwLCJkZWxldGUiOjI3MDAwMDAwMDAwMDAsInJlYWQiOjMwMDAwMDAwMDAwMCwidXBkYXRlIjoyNzAwMDAwMDAwMDAwfX0=",
          "dependencies": [
            "azurerm_network_interface.app_nic",
            "azurerm_resource_group.main",
            "azurerm_subnet.private",
            "azurerm_virtual_network.main"
          ]
        }
      ]
    },
    {
      "mode": "managed",
      "type": "azurerm_linux_virtual_machine",
      "name": "bastion",
      "provider": "provider[\"registry.terraform.io/hashicorp/azurerm\"]",
      "instances": [
        {
          "schema_version": 0,
          "attributes": {
            "additional_capabilities": [],
            "admin_password": null,
            "admin_ssh_key": [
              {
                "public_key": "ssh-rsa AAAAB3NzaC1yc2EAAAADAQABAAACAQDVkd1j+gjw/2/sfkCmnpds7rCpc7/mJAw44Q7TXwrxySB+tOVtEV8VOEf91RYiJTG71Ga3dv9PkNaFHYTFv6MSJWG95/sI7jNaUc3MzHcXZPhg1se1+NB6EbX6u8CdcuE+6g6pzN13Mh/bhvkwb+jMEVPJcp2ZINy5x05QiszQeMHrHmJGtGDWc8t2T0aI65iinoQvY1zpT28zUUEtJDjBnyJpJ5mz99sQZpAqOa9UyUlNCBt9c/XgZvHCbUJEs3enLwqwkK6dmZixsik+ml3wX23ydO2u6uAW8grFgHg4ZnnhaeFABtGIILnGzVMmeea+cqqkqYGLl+4aln6J2fKPeR0mVVWtTuiGopZRpQwnst73B+0HEAiiTnxG+BVcLBf/OhYuERChrUUs5hpoxvOZ1hDSpU8SGHbhKmpR5iAS/825MiFWZYs9T6FOC9qqhuTdGOHLnroJb/lIaSkGjH7IJHmhxhnXgRTTqI9PKSgwgR7c1IXpTy1riWw1Hpqvsxd6NdQZDLtRWFBW7TaIqYY5b4WdaHXn8K7tpmbAFPi1nDpe7DXPg26OImx0JfDVNyj0KpHiKZyRIBb9u0U78tETcQo2/ukXE7vWnYJF6Isbtksnqvt5Zuf4ul4XekJH+OnGBmQirQg+7HRM3dbNa9GF90aT2g2KKrLoxkT+v8LkeQ== sanjit8991@outlook.com",
                "username": "adminuser"
              }
            ],
            "admin_username": "adminuser",
            "allow_extension_operations": true,
            "availability_set_id": "",
            "boot_diagnostics": [],
            "bypass_platform_safety_checks_on_user_schedule_enabled": false,
            "capacity_reservation_group_id": "",
            "computer_name": "bastion-vm",
            "custom_data": null,
            "dedicated_host_group_id": "",
            "dedicated_host_id": "",
            "disable_password_authentication": true,
            "disk_controller_type": "SCSI",
            "edge_zone": "",
            "encryption_at_host_enabled": false,
            "eviction_policy": "",
            "extensions_time_budget": "PT1H30M",
            "gallery_application": [],
            "id": "/subscriptions/dde349b6-e516-4976-bc8d-4e4036bd454d/resourceGroups/secure-server-rg/providers/Microsoft.Compute/virtualMachines/bastion-vm",
            "identity": [],
            "license_type": "",
            "location": "centralus",
            "max_bid_price": -1,
            "name": "bastion-vm",
            "network_interface_ids": [
              "/subscriptions/dde349b6-e516-4976-bc8d-4e4036bd454d/resourceGroups/secure-server-rg/providers/Microsoft.Network/networkInterfaces/bastion-nic"
            ],
            "os_disk": [
              {
                "caching": "ReadWrite",
                "diff_disk_settings": [],
                "disk_encryption_set_id": "",
                "disk_size_gb": 30,
                "id": "/subscriptions/dde349b6-e516-4976-bc8d-4e4036bd454d/resourceGroups/secure-server-rg/providers/Microsoft.Compute/disks/bastion-vm_OsDisk_1_f0bbc64b894947ea88e81c715b25a59f",
                "name": "bastion-vm_OsDisk_1_f0bbc64b894947ea88e81c715b25a59f",
                "secure_vm_disk_encryption_set_id": "",
                "security_encryption_type": "",
                "storage_account_type": "Standard_LRS",
                "write_accelerator_enabled": false
              }
            ],
            "os_image_notification": [],
            "patch_assessment_mode": "ImageDefault",
            "patch_mode": "ImageDefault",
            "plan": [],
            "platform_fault_domain": -1,
            "priority": "Regular",
            "private_ip_address": "10.0.1.4",
            "private_ip_addresses": [
              "10.0.1.4"
            ],
            "provision_vm_agent": true,
            "proximity_placement_group_id": "",
            "public_ip_address": "20.29.122.252",
            "public_ip_addresses": [
              "20.29.122.252"
            ],
            "reboot_setting": "",
            "resource_group_name": "secure-server-rg",
            "secret": [],
            "secure_boot_enabled": false,
            "size": "Standard_B1s",
            "source_image_id": "",
            "source_image_reference": [
              {
                "offer": "0001-com-ubuntu-server-jammy",
                "publisher": "Canonical",
                "sku": "22_04-lts-gen2",
                "version": "latest"
              }
            ],
            "tags": null,
            "termination_notification": null,
            "timeouts": null,
            "user_data": "",
            "virtual_machine_id": "1990cee2-d33a-457c-8c74-d73724e76b3e",
            "virtual_machine_scale_set_id": "",
            "vm_agent_platform_updates_enabled": false,
            "vtpm_enabled": false,
            "zone": ""
          },
          "sensitive_attributes": [
            [
              {
                "type": "get_attr",
                "value": "admin_password"
              }
            ],
            [
              {
                "type": "get_attr",
                "value": "admin_ssh_key"
              }
            ],
            [
              {
                "type": "get_attr",
                "value": "custom_data"
              }
            ]
          ],
          "identity_schema_version": 0,
          "private": "eyJlMmJmYjczMC1lY2FhLTExZTYtOGY4OC0zNDM2M2JjN2M0YzAiOnsiY3JlYXRlIjoyNzAwMDAwMDAwMDAwLCJkZWxldGUiOjI3MDAwMDAwMDAwMDAsInJlYWQiOjMwMDAwMDAwMDAwMCwidXBkYXRlIjoyNzAwMDAwMDAwMDAwfX0=",
          "dependencies": [
            "azurerm_network_interface.bastion_nic",
            "azurerm_public_ip.bastion",
            "azurerm_resource_group.main",
            "azurerm_subnet.public",
            "azurerm_virtual_network.main"
          ]
        }
      ]
    },
    {
      "mode": "managed",
      "type": "azurerm_log_analytics_workspace",
      "name": "main",
      "provider": "provider[\"registry.terraform.io/hashicorp/azurerm\"]",
      "instances": [
        {
          "schema_version": 3,
          "attributes": {
            "allow_resource_only_permissions": true,
            "cmk_for_query_forced": false,
            "daily_quota_gb": -1,
            "data_collection_rule_id": "",
            "id": "/subscriptions/dde349b6-e516-4976-bc8d-4e4036bd454d/resourceGroups/secure-server-rg/providers/Microsoft.OperationalInsights/workspaces/secure-server-logs",
            "identity": [],
            "immediate_data_purge_on_30_days_enabled": false,
            "internet_ingestion_enabled": true,
            "internet_query_enabled": true,
            "local_authentication_disabled": false,
            "location": "centralus",
            "name": "secure-server-logs",
            "primary_shared_key": "bSoe5La7+NTiqJg3elEBIiHJG/YW3ePm7DZKLjzHL8JG21W1IdF6D/jv+UyucXKpQRZxrPlQMIkhTJNbG5yPnw==",
            "reservation_capacity_in_gb_per_day": null,
            "resource_group_name": "secure-server-rg",
            "retention_in_days": 30,
            "secondary_shared_key": "+wwpzOI8NtEdLS5unbrsBAVZTFDajuIz8oX4/j3fQcVqS1CPJT+sf/DsdZ+7vNFt2UdY7QS1S0+4yb8N6Hjw3A==",
            "sku": "PerGB2018",
            "tags": {},
            "timeouts": null,
            "workspace_id": "fd8e4304-6029-4ea1-8d52-aeb981d377f5"
          },
          "sensitive_attributes": [
            [
              {
                "type": "get_attr",
                "value": "primary_shared_key"
              }
            ],
            [
              {
                "type": "get_attr",
                "value": "secondary_shared_key"
              }
            ]
          ],
          "identity_schema_version": 0,
          "private": "eyJlMmJmYjczMC1lY2FhLTExZTYtOGY4OC0zNDM2M2JjN2M0YzAiOnsiY3JlYXRlIjoxODAwMDAwMDAwMDAwLCJkZWxldGUiOjE4MDAwMDAwMDAwMDAsInJlYWQiOjMwMDAwMDAwMDAwMCwidXBkYXRlIjoxODAwMDAwMDAwMDAwfSwic2NoZW1hX3ZlcnNpb24iOiIzIn0=",
          "dependencies": [
            "azurerm_resource_group.main"
          ]
        }
      ]
    },
    {
      "mode": "managed",
      "type": "azurerm_monitor_action_group",
      "name": "main",
      "provider": "provider[\"registry.terraform.io/hashicorp/azurerm\"]",
      "instances": [
        {
          "schema_version": 1,
          "attributes": {
            "arm_role_receiver": [],
            "automation_runbook_receiver": [],
            "azure_app_push_receiver": [],
            "azure_function_receiver": [],
            "email_receiver": [
              {
                "email_address": "admin@example.com",
                "name": "admin",
                "use_common_alert_schema": true
              }
            ],
            "enabled": true,
            "event_hub_receiver": [],
            "id": "/subscriptions/dde349b6-e516-4976-bc8d-4e4036bd454d/resourceGroups/secure-server-rg/providers/Microsoft.Insights/actionGroups/secure-server-alerts",
            "itsm_receiver": [],
            "location": "global",
            "logic_app_receiver": [],
            "name": "secure-server-alerts",
            "resource_group_name": "secure-server-rg",
            "short_name": "alerts",
            "sms_receiver": [],
            "tags": {},
            "timeouts": null,
            "voice_receiver": [],
            "webhook_receiver": []
          },
          "sensitive_attributes": [],
          "identity_schema_version": 0,
          "private": "eyJlMmJmYjczMC1lY2FhLTExZTYtOGY4OC0zNDM2M2JjN2M0YzAiOnsiY3JlYXRlIjoxODAwMDAwMDAwMDAwLCJkZWxldGUiOjE4MDAwMDAwMDAwMDAsInJlYWQiOjMwMDAwMDAwMDAwMCwidXBkYXRlIjoxODAwMDAwMDAwMDAwfSwic2NoZW1hX3ZlcnNpb24iOiIxIn0=",
          "dependencies": [
            "azurerm_resource_group.main"
          ]
        }
      ]
    },
    {
      "mode": "managed",
      "type": "azurerm_monitor_metric_alert",
      "name": "vm_availability",
      "provider": "provider[\"registry.terraform.io/hashicorp/azurerm\"]",
      "instances": [
        {
          "schema_version": 1,
          "attributes": {
            "action": [
              {
                "action_group_id": "/subscriptions/dde349b6-e516-4976-bc8d-4e4036bd454d/resourceGroups/secure-server-rg/providers/Microsoft.Insights/actionGroups/secure-server-alerts",
                "webhook_properties": {}
              }
            ],
            "application_insights_web_test_location_availability_criteria": [],
            "auto_mitigate": true,
            "criteria": [
              {
                "aggregation": "Average",
                "dimension": [],
                "metric_name": "Percentage CPU",
                "metric_namespace": "Microsoft.Compute/virtualMachines",
                "operator": "GreaterThan",
                "skip_metric_validation": false,
                "threshold": 90
              }
            ],
            "description": "Alert when VM is down",
            "dynamic_criteria": [],
            "enabled": true,
            "frequency": "PT1M",
            "id": "/subscriptions/dde349b6-e516-4976-bc8d-4e4036bd454d/resourceGroups/secure-server-rg/providers/Microsoft.Insights/metricAlerts/vm-availability-alert",
            "name": "vm-availability-alert",
            "resource_group_name": "secure-server-rg",
            "scopes": [
              "/subscriptions/dde349b6-e516-4976-bc8d-4e4036bd454d/resourceGroups/secure-server-rg/providers/Microsoft.Compute/virtualMachines/app-vm",
              "/subscriptions/dde349b6-e516-4976-bc8d-4e4036bd454d/resourceGroups/secure-server-rg/providers/Microsoft.Compute/virtualMachines/bastion-vm"
            ],
            "severity": 3,
            "tags": {},
            "target_resource_location": "centralus",
            "target_resource_type": "Microsoft.Compute/virtualMachines",
            "timeouts": null,
            "window_size": "PT5M"
          },
          "sensitive_attributes": [],
          "identity_schema_version": 0,
          "private": "eyJlMmJmYjczMC1lY2FhLTExZTYtOGY4OC0zNDM2M2JjN2M0YzAiOnsiY3JlYXRlIjoxODAwMDAwMDAwMDAwLCJkZWxldGUiOjE4MDAwMDAwMDAwMDAsInJlYWQiOjMwMDAwMDAwMDAwMCwidXBkYXRlIjoxODAwMDAwMDAwMDAwfSwic2NoZW1hX3ZlcnNpb24iOiIxIn0=",
          "dependencies": [
            "azurerm_linux_virtual_machine.app",
            "azurerm_linux_virtual_machine.bastion",
            "azurerm_monitor_action_group.main",
            "azurerm_network_interface.app_nic",
            "azurerm_network_interface.bastion_nic",
            "azurerm_public_ip.bastion",
            "azurerm_resource_group.main",
            "azurerm_subnet.private",
            "azurerm_subnet.public",
            "azurerm_virtual_network.main"
          ]
        }
      ]
    },
    {
      "mode": "managed",
      "type": "azurerm_mysql_flexible_database",
      "name": "main",
      "provider": "provider[\"registry.terraform.io/hashicorp/azurerm\"]",
      "instances": [
        {
          "schema_version": 0,
          "attributes": {
            "charset": "utf8",
            "collation": "utf8_unicode_ci",
            "id": "/subscriptions/dde349b6-e516-4976-bc8d-4e4036bd454d/resourceGroups/secure-server-rg/providers/Microsoft.DBforMySQL/flexibleServers/secure-db-server/databases/appdb",
            "name": "appdb",
            "resource_group_name": "secure-server-rg",
            "server_name": "secure-db-server",
            "timeouts": null
          },
          "sensitive_attributes": [],
          "identity_schema_version": 0,
          "private": "eyJlMmJmYjczMC1lY2FhLTExZTYtOGY4OC0zNDM2M2JjN2M0YzAiOnsiY3JlYXRlIjozNjAwMDAwMDAwMDAwLCJkZWxldGUiOjM2MDAwMDAwMDAwMDAsInJlYWQiOjMwMDAwMDAwMDAwMH19",
          "dependencies": [
            "azurerm_mysql_flexible_server.main",
            "azurerm_resource_group.main"
          ]
        }
      ]
    },
    {
      "mode": "managed",
      "type": "azurerm_mysql_flexible_server",
      "name": "main",
      "provider": "provider[\"registry.terraform.io/hashicorp/azurerm\"]",
      "instances": [
        {
          "schema_version": 0,
          "attributes": {
            "administrator_login": "dbadmin",
            "administrator_password": "MySecurePass123!",
            "administrator_password_wo": null,
            "administrator_password_wo_version": 0,
            "backup_retention_days": 7,
            "create_mode": null,
            "customer_managed_key": [],
            "delegated_subnet_id": "",
            "fqdn": "secure-db-server.mysql.database.azure.com",
            "geo_redundant_backup_enabled": false,
            "high_availability": [],
            "id": "/subscriptions/dde349b6-e516-4976-bc8d-4e4036bd454d/resourceGroups/secure-server-rg/providers/Microsoft.DBforMySQL/flexibleServers/secure-db-server",
            "identity": [],
            "location": "centralus",
            "maintenance_window": [],
            "name": "secure-db-server",
            "point_in_time_restore_time_in_utc": null,
            "private_dns_zone_id": "",
            "public_network_access": "Enabled",
            "public_network_access_enabled": true,
            "replica_capacity": 10,
            "replication_role": "None",
            "resource_group_name": "secure-server-rg",
            "sku_name": "B_Standard_B1ms",
            "source_server_id": "",
            "storage": [
              {
                "auto_grow_enabled": true,
                "io_scaling_enabled": false,
                "iops": 360,
                "log_on_disk_enabled": false,
                "size_gb": 20
              }
            ],
            "tags": {},
            "timeouts": null,
            "version": "5.7",
            "zone": "2"
          },
          "sensitive_attributes": [
            [
              {
                "type": "get_attr",
                "value": "administrator_password"
              }
            ]
          ],
          "identity_schema_version": 0,
          "private": "eyJlMmJmYjczMC1lY2FhLTExZTYtOGY4OC0zNDM2M2JjN2M0YzAiOnsiY3JlYXRlIjo3MjAwMDAwMDAwMDAwLCJkZWxldGUiOjM2MDAwMDAwMDAwMDAsInJlYWQiOjMwMDAwMDAwMDAwMCwidXBkYXRlIjo3MjAwMDAwMDAwMDAwfX0=",
          "dependencies": [
            "azurerm_resource_group.main"
          ]
        }
      ]
    },
    {
      "mode": "managed",
      "type": "azurerm_network_interface",
      "name": "app_nic",
      "provider": "provider[\"registry.terraform.io/hashicorp/azurerm\"]",
      "instances": [
        {
          "schema_version": 0,
          "attributes": {
            "accelerated_networking_enabled": false,
            "applied_dns_servers": [],
            "auxiliary_mode": "",
            "auxiliary_sku": "",
            "dns_servers": [],
            "edge_zone": "",
            "id": "/subscriptions/dde349b6-e516-4976-bc8d-4e4036bd454d/resourceGroups/secure-server-rg/providers/Microsoft.Network/networkInterfaces/app-nic",
            "internal_dns_name_label": "",
            "internal_domain_name_suffix": "3i30dt1ftgsufeoovl0h5tbmog.gx.internal.cloudapp.net",
            "ip_configuration": [
              {
                "gateway_load_balancer_frontend_ip_configuration_id": "",
                "name": "internal",
                "primary": true,
                "private_ip_address": "10.0.2.4",
                "private_ip_address_allocation": "Dynamic",
                "private_ip_address_version": "IPv4",
                "public_ip_address_id": "",
                "subnet_id": "/subscriptions/dde349b6-e516-4976-bc8d-4e4036bd454d/resourceGroups/secure-server-rg/providers/Microsoft.Network/virtualNetworks/secure-vnet/subnets/private-subnet"
              }
            ],
            "ip_forwarding_enabled": false,
            "location": "centralus",
            "mac_address": "60-45-BD-2C-F3-90",
            "name": "app-nic",
            "private_ip_address": "10.0.2.4",
            "private_ip_addresses": [
              "10.0.2.4"
            ],
            "resource_group_name": "secure-server-rg",
            "tags": {},
            "timeouts": null,
            "virtual_machine_id": "/subscriptions/dde349b6-e516-4976-bc8d-4e4036bd454d/resourceGroups/secure-server-rg/providers/Microsoft.Compute/virtualMachines/app-vm"
          },
          "sensitive_attributes": [],
          "identity_schema_version": 0,
          "private": "eyJlMmJmYjczMC1lY2FhLTExZTYtOGY4OC0zNDM2M2JjN2M0YzAiOnsiY3JlYXRlIjoxODAwMDAwMDAwMDAwLCJkZWxldGUiOjE4MDAwMDAwMDAwMDAsInJlYWQiOjMwMDAwMDAwMDAwMCwidXBkYXRlIjoxODAwMDAwMDAwMDAwfX0=",
          "dependencies": [
            "azurerm_resource_group.main",
            "azurerm_subnet.private",
            "azurerm_virtual_network.main"
          ]
        }
      ]
    },
    {
      "mode": "managed",
      "type": "azurerm_network_interface",
      "name": "bastion_nic",
      "provider": "provider[\"registry.terraform.io/hashicorp/azurerm\"]",
      "instances": [
        {
          "schema_version": 0,
          "attributes": {
            "accelerated_networking_enabled": false,
            "applied_dns_servers": [],
            "auxiliary_mode": "",
            "auxiliary_sku": "",
            "dns_servers": [],
            "edge_zone": "",
            "id": "/subscriptions/dde349b6-e516-4976-bc8d-4e4036bd454d/resourceGroups/secure-server-rg/providers/Microsoft.Network/networkInterfaces/bastion-nic",
            "internal_dns_name_label": "",
            "internal_domain_name_suffix": "3i30dt1ftgsufeoovl0h5tbmog.gx.internal.cloudapp.net",
            "ip_configuration": [
              {
                "gateway_load_balancer_frontend_ip_configuration_id": "",
                "name": "internal",
                "primary": true,
                "private_ip_address": "10.0.1.4",
                "private_ip_address_allocation": "Dynamic",
                "private_ip_address_version": "IPv4",
                "public_ip_address_id": "/subscriptions/dde349b6-e516-4976-bc8d-4e4036bd454d/resourceGroups/secure-server-rg/providers/Microsoft.Network/publicIPAddresses/bastion-public-ip",
                "subnet_id": "/subscriptions/dde349b6-e516-4976-bc8d-4e4036bd454d/resourceGroups/secure-server-rg/providers/Microsoft.Network/virtualNetworks/secure-vnet/subnets/public-subnet"
              }
            ],
            "ip_forwarding_enabled": false,
            "location": "centralus",
            "mac_address": "60-45-BD-31-3D-DF",
            "name": "bastion-nic",
            "private_ip_address": "10.0.1.4",
            "private_ip_addresses": [
              "10.0.1.4"
            ],
            "resource_group_name": "secure-server-rg",
            "tags": {},
            "timeouts": null,
            "virtual_machine_id": "/subscriptions/dde349b6-e516-4976-bc8d-4e4036bd454d/resourceGroups/secure-server-rg/providers/Microsoft.Compute/virtualMachines/bastion-vm"
          },
          "sensitive_attributes": [],
          "identity_schema_version": 0,
          "private": "eyJlMmJmYjczMC1lY2FhLTExZTYtOGY4OC0zNDM2M2JjN2M0YzAiOnsiY3JlYXRlIjoxODAwMDAwMDAwMDAwLCJkZWxldGUiOjE4MDAwMDAwMDAwMDAsInJlYWQiOjMwMDAwMDAwMDAwMCwidXBkYXRlIjoxODAwMDAwMDAwMDAwfX0=",
          "dependencies": [
            "azurerm_public_ip.bastion",
            "azurerm_resource_group.main",
            "azurerm_subnet.public",
            "azurerm_virtual_network.main"
          ]
        }
      ]
    },
    {
      "mode": "managed",
      "type": "azurerm_network_security_group",
      "name": "app_nsg",
      "provider": "provider[\"registry.terraform.io/hashicorp/azurerm\"]",
      "instances": [
        {
          "schema_version": 0,
          "attributes": {
            "id": "/subscriptions/dde349b6-e516-4976-bc8d-4e4036bd454d/resourceGroups/secure-server-rg/providers/Microsoft.Network/networkSecurityGroups/app-nsg",
            "location": "centralus",
            "name": "app-nsg",
            "resource_group_name": "secure-server-rg",
            "security_rule": [
              {
                "access": "Allow",
                "description": "",
                "destination_address_prefix": "*",
                "destination_address_prefixes": [],
                "destination_application_security_group_ids": [],
                "destination_port_range": "",
                "destination_port_ranges": [
                  "22"
                ],
                "direction": "Inbound",
                "name": "SSH",
                "priority": 1001,
                "protocol": "Tcp",
                "source_address_prefix": "",
                "source_address_prefixes": [
                  "10.0.1.0/24"
                ],
                "source_application_security_group_ids": [],
                "source_port_range": "*",
                "source_port_ranges": []
              }
            ],
            "tags": {},
            "timeouts": null
          },
          "sensitive_attributes": [],
          "identity_schema_version": 0,
          "private": "eyJlMmJmYjczMC1lY2FhLTExZTYtOGY4OC0zNDM2M2JjN2M0YzAiOnsiY3JlYXRlIjoxODAwMDAwMDAwMDAwLCJkZWxldGUiOjE4MDAwMDAwMDAwMDAsInJlYWQiOjMwMDAwMDAwMDAwMCwidXBkYXRlIjoxODAwMDAwMDAwMDAwfSwic2NoZW1hX3ZlcnNpb24iOiIwIn0=",
          "dependencies": [
            "azurerm_resource_group.main"
          ]
        }
      ]
    },
    {
      "mode": "managed",
      "type": "azurerm_network_security_group",
      "name": "bastion_nsg",
      "provider": "provider[\"registry.terraform.io/hashicorp/azurerm\"]",
      "instances": [
        {
          "schema_version": 0,
          "attributes": {
            "id": "/subscriptions/dde349b6-e516-4976-bc8d-4e4036bd454d/resourceGroups/secure-server-rg/providers/Microsoft.Network/networkSecurityGroups/bastion-nsg",
            "location": "centralus",
            "name": "bastion-nsg",
            "resource_group_name": "secure-server-rg",
            "security_rule": [
              {
                "access": "Allow",
                "description": "",
                "destination_address_prefix": "*",
                "destination_address_prefixes": [],
                "destination_application_security_group_ids": [],
                "destination_port_range": "",
                "destination_port_ranges": [
                  "22"
                ],
                "direction": "Inbound",
                "name": "SSH",
                "priority": 1001,
                "protocol": "Tcp",
                "source_address_prefix": "",
                "source_address_prefixes": [
                  "128.250.0.221/32"
                ],
                "source_application_security_group_ids": [],
                "source_port_range": "*",
                "source_port_ranges": []
              }
            ],
            "tags": {},
            "timeouts": null
          },
          "sensitive_attributes": [],
          "identity_schema_version": 0,
          "private": "eyJlMmJmYjczMC1lY2FhLTExZTYtOGY4OC0zNDM2M2JjN2M0YzAiOnsiY3JlYXRlIjoxODAwMDAwMDAwMDAwLCJkZWxldGUiOjE4MDAwMDAwMDAwMDAsInJlYWQiOjMwMDAwMDAwMDAwMCwidXBkYXRlIjoxODAwMDAwMDAwMDAwfX0=",
          "dependencies": [
            "azurerm_resource_group.main"
          ]
        }
      ]
    },
    {
      "mode": "managed",
      "type": "azurerm_public_ip",
      "name": "bastion",
      "provider": "provider[\"registry.terraform.io/hashicorp/azurerm\"]",
      "instances": [
        {
          "schema_version": 0,
          "attributes": {
            "allocation_method": "Static",
            "ddos_protection_mode": "VirtualNetworkInherited",
            "ddos_protection_plan_id": null,
            "domain_name_label": null,
            "domain_name_label_scope": null,
            "edge_zone": "",
            "fqdn": null,
            "id": "/subscriptions/dde349b6-e516-4976-bc8d-4e4036bd454d/resourceGroups/secure-server-rg/providers/Microsoft.Network/publicIPAddresses/bastion-public-ip",
            "idle_timeout_in_minutes": 4,
            "ip_address": "20.29.122.252",
            "ip_tags": {},
            "ip_version": "IPv4",
            "location": "centralus",
            "name": "bastion-public-ip",
            "public_ip_prefix_id": null,
            "resource_group_name": "secure-server-rg",
            "reverse_fqdn": null,
            "sku": "Standard",
            "sku_tier": "Regional",
            "tags": {},
            "timeouts": null,
            "zones": []
          },
          "sensitive_attributes": [],
          "identity_schema_version": 0,
          "private": "eyJlMmJmYjczMC1lY2FhLTExZTYtOGY4OC0zNDM2M2JjN2M0YzAiOnsiY3JlYXRlIjoxODAwMDAwMDAwMDAwLCJkZWxldGUiOjE4MDAwMDAwMDAwMDAsInJlYWQiOjMwMDAwMDAwMDAwMCwidXBkYXRlIjoxODAwMDAwMDAwMDAwfX0=",
          "dependencies": [
            "azurerm_resource_group.main"
          ]
        }
      ]
    },
    {
      "mode": "managed",
      "type": "azurerm_recovery_services_vault",
      "name": "main",
      "provider": "provider[\"registry.terraform.io/hashicorp/azurerm\"]",
      "instances": [
        {
          "schema_version": 0,
          "attributes": {
            "classic_vmware_replication_enabled": false,
            "cross_region_restore_enabled": false,
            "encryption": [],
            "id": "/subscriptions/dde349b6-e516-4976-bc8d-4e4036bd454d/resourceGroups/secure-server-rg/providers/Microsoft.RecoveryServices/vaults/secure-server-backup-vault",
            "identity": [],
            "immutability": "Disabled",
            "location": "centralus",
            "monitoring": [],
            "name": "secure-server-backup-vault",
            "public_network_access_enabled": true,
            "resource_group_name": "secure-server-rg",
            "sku": "Standard",
            "soft_delete_enabled": true,
            "storage_mode_type": "GeoRedundant",
            "tags": {},
            "timeouts": null
          },
          "sensitive_attributes": [],
          "identity_schema_version": 0,
          "private": "eyJlMmJmYjczMC1lY2FhLTExZTYtOGY4OC0zNDM2M2JjN2M0YzAiOnsiY3JlYXRlIjo3MjAwMDAwMDAwMDAwLCJkZWxldGUiOjE4MDAwMDAwMDAwMDAsInJlYWQiOjMwMDAwMDAwMDAwMCwidXBkYXRlIjozNjAwMDAwMDAwMDAwfSwic2NoZW1hX3ZlcnNpb24iOiIwIn0=",
          "dependencies": [
            "azurerm_resource_group.main"
          ]
        }
      ]
    },
    {
      "mode": "managed",
      "type": "azurerm_resource_group",
      "name": "main",
      "provider": "provider[\"registry.terraform.io/hashicorp/azurerm\"]",
      "instances": [
        {
          "schema_version": 0,
          "attributes": {
            "id": "/subscriptions/dde349b6-e516-4976-bc8d-4e4036bd454d/resourceGroups/secure-server-rg",
            "location": "centralus",
            "managed_by": "",
            "name": "secure-server-rg",
            "tags": {},
            "timeouts": null
          },
          "sensitive_attributes": [],
          "identity_schema_version": 0,
          "private": "eyJlMmJmYjczMC1lY2FhLTExZTYtOGY4OC0zNDM2M2JjN2M0YzAiOnsiY3JlYXRlIjo1NDAwMDAwMDAwMDAwLCJkZWxldGUiOjU0MDAwMDAwMDAwMDAsInJlYWQiOjMwMDAwMDAwMDAwMCwidXBkYXRlIjo1NDAwMDAwMDAwMDAwfSwic2NoZW1hX3ZlcnNpb24iOiIwIn0="
        }
      ]
    },
    {
      "mode": "managed",
      "type": "azurerm_security_center_setting",
      "name": "main",
      "provider": "provider[\"registry.terraform.io/hashicorp/azurerm\"]",
      "instances": [
        {
          "schema_version": 1,
          "attributes": {
            "enabled": true,
            "id": "/subscriptions/dde349b6-e516-4976-bc8d-4e4036bd454d/providers/Microsoft.Security/settings/MCAS",
            "setting_name": "MCAS",
            "timeouts": null
          },
          "sensitive_attributes": [],
          "identity_schema_version": 0,
          "private": "eyJlMmJmYjczMC1lY2FhLTExZTYtOGY4OC0zNDM2M2JjN2M0YzAiOnsiY3JlYXRlIjo2MDAwMDAwMDAwMDAsImRlbGV0ZSI6NjAwMDAwMDAwMDAwLCJyZWFkIjozMDAwMDAwMDAwMDAsInVwZGF0ZSI6NjAwMDAwMDAwMDAwfSwic2NoZW1hX3ZlcnNpb24iOiIxIn0="
        }
      ]
    },
    {
      "mode": "managed",
      "type": "azurerm_subnet",
      "name": "private",
      "provider": "provider[\"registry.terraform.io/hashicorp/azurerm\"]",
      "instances": [
        {
          "schema_version": 0,
          "attributes": {
            "address_prefixes": [
              "10.0.2.0/24"
            ],
            "default_outbound_access_enabled": true,
            "delegation": [],
            "id": "/subscriptions/dde349b6-e516-4976-bc8d-4e4036bd454d/resourceGroups/secure-server-rg/providers/Microsoft.Network/virtualNetworks/secure-vnet/subnets/private-subnet",
            "name": "private-subnet",
            "private_endpoint_network_policies": "Disabled",
            "private_link_service_network_policies_enabled": true,
            "resource_group_name": "secure-server-rg",
            "service_endpoint_policy_ids": [],
            "service_endpoints": [],
            "timeouts": null,
            "virtual_network_name": "secure-vnet"
          },
          "sensitive_attributes": [],
          "identity_schema_version": 0,
          "private": "eyJlMmJmYjczMC1lY2FhLTExZTYtOGY4OC0zNDM2M2JjN2M0YzAiOnsiY3JlYXRlIjoxODAwMDAwMDAwMDAwLCJkZWxldGUiOjE4MDAwMDAwMDAwMDAsInJlYWQiOjMwMDAwMDAwMDAwMCwidXBkYXRlIjoxODAwMDAwMDAwMDAwfX0=",
          "dependencies": [
            "azurerm_resource_group.main",
            "azurerm_virtual_network.main"
          ]
        }
      ]
    },
    {
      "mode": "managed",
      "type": "azurerm_subnet",
      "name": "public",
      "provider": "provider[\"registry.terraform.io/hashicorp/azurerm\"]",
      "instances": [
        {
          "schema_version": 0,
          "attributes": {
            "address_prefixes": [
              "10.0.1.0/24"
            ],
            "default_outbound_access_enabled": true,
            "delegation": [],
            "id": "/subscriptions/dde349b6-e516-4976-bc8d-4e4036bd454d/resourceGroups/secure-server-rg/providers/Microsoft.Network/virtualNetworks/secure-vnet/subnets/public-subnet",
            "name": "public-subnet",
            "private_endpoint_network_policies": "Disabled",
            "private_link_service_network_policies_enabled": true,
            "resource_group_name": "secure-server-rg",
            "service_endpoint_policy_ids": [],
            "service_endpoints": [],
            "timeouts": null,
            "virtual_network_name": "secure-vnet"
          },
          "sensitive_attributes": [],
          "identity_schema_version": 0,
          "private": "eyJlMmJmYjczMC1lY2FhLTExZTYtOGY4OC0zNDM2M2JjN2M0YzAiOnsiY3JlYXRlIjoxODAwMDAwMDAwMDAwLCJkZWxldGUiOjE4MDAwMDAwMDAwMDAsInJlYWQiOjMwMDAwMDAwMDAwMCwidXBkYXRlIjoxODAwMDAwMDAwMDAwfX0=",
          "dependencies": [
            "azurerm_resource_group.main",
            "azurerm_virtual_network.main"
          ]
        }
      ]
    },
    {
      "mode": "managed",
      "type": "azurerm_subnet_network_security_group_association",
      "name": "private",
      "provider": "provider[\"registry.terraform.io/hashicorp/azurerm\"]",
      "instances": [
        {
          "schema_version": 0,
          "attributes": {
            "id": "/subscriptions/dde349b6-e516-4976-bc8d-4e4036bd454d/resourceGroups/secure-server-rg/providers/Microsoft.Network/virtualNetworks/secure-vnet/subnets/private-subnet",
            "network_security_group_id": "/subscriptions/dde349b6-e516-4976-bc8d-4e4036bd454d/resourceGroups/secure-server-rg/providers/Microsoft.Network/networkSecurityGroups/app-nsg",
            "subnet_id": "/subscriptions/dde349b6-e516-4976-bc8d-4e4036bd454d/resourceGroups/secure-server-rg/providers/Microsoft.Network/virtualNetworks/secure-vnet/subnets/private-subnet",
            "timeouts": null
          },
          "sensitive_attributes": [],
          "identity_schema_version": 0,
          "private": "eyJlMmJmYjczMC1lY2FhLTExZTYtOGY4OC0zNDM2M2JjN2M0YzAiOnsiY3JlYXRlIjoxODAwMDAwMDAwMDAwLCJkZWxldGUiOjE4MDAwMDAwMDAwMDAsInJlYWQiOjMwMDAwMDAwMDAwMH19",
          "dependencies": [
            "azurerm_network_security_group.app_nsg",
            "azurerm_resource_group.main",
            "azurerm_subnet.private",
            "azurerm_virtual_network.main"
          ]
        }
      ]
    },
    {
      "mode": "managed",
      "type": "azurerm_subnet_network_security_group_association",
      "name": "public",
      "provider": "provider[\"registry.terraform.io/hashicorp/azurerm\"]",
      "instances": [
        {
          "schema_version": 0,
          "attributes": {
            "id": "/subscriptions/dde349b6-e516-4976-bc8d-4e4036bd454d/resourceGroups/secure-server-rg/providers/Microsoft.Network/virtualNetworks/secure-vnet/subnets/public-subnet",
            "network_security_group_id": "/subscriptions/dde349b6-e516-4976-bc8d-4e4036bd454d/resourceGroups/secure-server-rg/providers/Microsoft.Network/networkSecurityGroups/bastion-nsg",
            "subnet_id": "/subscriptions/dde349b6-e516-4976-bc8d-4e4036bd454d/resourceGroups/secure-server-rg/providers/Microsoft.Network/virtualNetworks/secure-vnet/subnets/public-subnet",
            "timeouts": null
          },
          "sensitive_attributes": [],
          "identity_schema_version": 0,
          "private": "eyJlMmJmYjczMC1lY2FhLTExZTYtOGY4OC0zNDM2M2JjN2M0YzAiOnsiY3JlYXRlIjoxODAwMDAwMDAwMDAwLCJkZWxldGUiOjE4MDAwMDAwMDAwMDAsInJlYWQiOjMwMDAwMDAwMDAwMH19",
          "dependencies": [
            "azurerm_network_security_group.bastion_nsg",
            "azurerm_resource_group.main",
            "azurerm_subnet.public",
            "azurerm_virtual_network.main"
          ]
        }
      ]
    },
    {
      "mode": "managed",
      "type": "azurerm_virtual_network",
      "name": "main",
      "provider": "provider[\"registry.terraform.io/hashicorp/azurerm\"]",
      "instances": [
        {
          "schema_version": 0,
          "attributes": {
            "address_space": [
              "10.0.0.0/16"
            ],
            "bgp_community": "",
            "ddos_protection_plan": [],
            "dns_servers": [],
            "edge_zone": "",
            "encryption": [],
            "flow_timeout_in_minutes": 0,
            "guid": "cfa13bea-9965-42a5-91ce-aaf47fcc2c76",
            "id": "/subscriptions/dde349b6-e516-4976-bc8d-4e4036bd454d/resourceGroups/secure-server-rg/providers/Microsoft.Network/virtualNetworks/secure-vnet",
            "ip_address_pool": [],
            "location": "centralus",
            "name": "secure-vnet",
            "private_endpoint_vnet_policies": "Disabled",
            "resource_group_name": "secure-server-rg",
            "subnet": [
              {
                "address_prefixes": [
                  "10.0.1.0/24"
                ],
                "default_outbound_access_enabled": true,
                "delegation": [],
                "id": "/subscriptions/dde349b6-e516-4976-bc8d-4e4036bd454d/resourceGroups/secure-server-rg/providers/Microsoft.Network/virtualNetworks/secure-vnet/subnets/public-subnet",
                "name": "public-subnet",
                "private_endpoint_network_policies": "Disabled",
                "private_link_service_network_policies_enabled": true,
                "route_table_id": "",
                "security_group": "/subscriptions/dde349b6-e516-4976-bc8d-4e4036bd454d/resourceGroups/secure-server-rg/providers/Microsoft.Network/networkSecurityGroups/bastion-nsg",
                "service_endpoint_policy_ids": [],
                "service_endpoints": []
              },
              {
                "address_prefixes": [
                  "10.0.2.0/24"
                ],
                "default_outbound_access_enabled": true,
                "delegation": [],
                "id": "/subscriptions/dde349b6-e516-4976-bc8d-4e4036bd454d/resourceGroups/secure-server-rg/providers/Microsoft.Network/virtualNetworks/secure-vnet/subnets/private-subnet",
                "name": "private-subnet",
                "private_endpoint_network_policies": "Disabled",
                "private_link_service_network_policies_enabled": true,
                "route_table_id": "",
                "security_group": "/subscriptions/dde349b6-e516-4976-bc8d-4e4036bd454d/resourceGroups/secure-server-rg/providers/Microsoft.Network/networkSecurityGroups/app-nsg",
                "service_endpoint_policy_ids": [],
                "service_endpoints": []
              }
            ],
            "tags": {},
            "timeouts": null
          },
          "sensitive_attributes": [],
          "identity_schema_version": 0,
          "private": "eyJlMmJmYjczMC1lY2FhLTExZTYtOGY4OC0zNDM2M2JjN2M0YzAiOnsiY3JlYXRlIjoxODAwMDAwMDAwMDAwLCJkZWxldGUiOjE4MDAwMDAwMDAwMDAsInJlYWQiOjMwMDAwMDAwMDAwMCwidXBkYXRlIjoxODAwMDAwMDAwMDAwfX0=",
          "dependencies": [
            "azurerm_resource_group.main"
          ]
        }
      ]
    }
  ],
  "check_results": null
}
