{
  "version": 4,
  "terraform_version": "1.12.2",
  "serial": 78,
  "lineage": "8fbd2f65-5cf4-78dc-2c39-06774f924664",
  "outputs": {
    "app_vm_private_ip": {
      "value": null,
      "type": "string"
    },
    "bastion_public_ip": {
      "value": null,
      "type": "string"
    },
    "database_fqdn": {
      "value": null,
      "type": "string"
    },
    "resource_group_name": {
      "value": "secure-server-rg",
      "type": "string"
    },
    "vnet_id": {
      "value": null,
      "type": "string"
    }
  },
  "resources": [
    {
      "mode": "data",
      "type": "azurerm_client_config",
      "name": "current",
      "provider": "provider[\"registry.terraform.io/hashicorp/azurerm\"]",
      "instances": [
        {
          "schema_version": 0,
          "attributes": {
            "client_id": "04b07795-8ddb-461a-bbee-02f9e1bf7b46",
            "id": "Y2xpZW50Q29uZmlncy9jbGllbnRJZD0wNGIwNzc5NS04ZGRiLTQ2MWEtYmJlZS0wMmY5ZTFiZjdiNDY7b2JqZWN0SWQ9ZDkxODQxM2YtMWM4My00ZGU3LThmMGEtMDVkNmZlMjFlNDAyO3N1YnNjcmlwdGlvbklkPWRkZTM0OWI2LWU1MTYtNDk3Ni1iYzhkLTRlNDAzNmJkNDU0ZDt0ZW5hbnRJZD1mMjI3OWQ4OS1jYzE5LTQ4OWUtYTk4ZC1lNTNkM2E2MzU1YjE=",
            "object_id": "d918413f-1c83-4de7-8f0a-05d6fe21e402",
            "subscription_id": "dde349b6-e516-4976-bc8d-4e4036bd454d",
            "tenant_id": "f2279d89-cc19-489e-a98d-e53d3a6355b1",
            "timeouts": null
          },
          "sensitive_attributes": [],
          "identity_schema_version": 0
        }
      ]
    },
    {
      "mode": "managed",
      "type": "azurerm_resource_group",
      "name": "main",
      "provider": "provider[\"registry.terraform.io/hashicorp/azurerm\"]",
      "instances": [
        {
          "schema_version": 0,
          "attributes": {
            "id": "/subscriptions/dde349b6-e516-4976-bc8d-4e4036bd454d/resourceGroups/secure-server-rg",
            "location": "centralus",
            "managed_by": "",
            "name": "secure-server-rg",
            "tags": {},
            "timeouts": null
          },
          "sensitive_attributes": [],
          "identity_schema_version": 0,
          "private": "eyJlMmJmYjczMC1lY2FhLTExZTYtOGY4OC0zNDM2M2JjN2M0YzAiOnsiY3JlYXRlIjo1NDAwMDAwMDAwMDAwLCJkZWxldGUiOjU0MDAwMDAwMDAwMDAsInJlYWQiOjMwMDAwMDAwMDAwMCwidXBkYXRlIjo1NDAwMDAwMDAwMDAwfSwic2NoZW1hX3ZlcnNpb24iOiIwIn0="
        }
      ]
    }
  ],
  "check_results": null
}
